{
  "version": 4,
  "terraform_version": "0.15.3",
  "serial": 260,
  "lineage": "f04c303a-3816-6376-2fb6-7b6d20ab92cc",
  "outputs": {},
  "resources": [
    {
      "mode": "data",
      "type": "aws_caller_identity",
      "name": "current",
      "provider": "provider[\"registry.terraform.io/hashicorp/aws\"]",
      "instances": [
        {
          "schema_version": 0,
          "attributes": {
            "account_id": "509440620700",
            "arn": "arn:aws:iam::509440620700:user/iac-jonas",
            "id": "509440620700",
            "user_id": "AIDAXNHIG7COEROLYYGSE"
          },
          "sensitive_attributes": []
        }
      ]
    },
    {
      "mode": "managed",
      "type": "aws_route53_record",
      "name": "myapp",
      "provider": "provider[\"registry.terraform.io/hashicorp/aws\"]",
      "instances": [
        {
          "schema_version": 2,
          "attributes": {
            "alias": [],
            "allow_overwrite": null,
            "failover_routing_policy": [],
            "fqdn": "myapp.devopsteam.dev",
            "geolocation_routing_policy": [],
            "health_check_id": null,
            "id": "Z04368091W6QIMLWGUKQA_myapp_CNAME_myapp",
            "latency_routing_policy": [],
            "multivalue_answer_routing_policy": null,
            "name": "myapp",
            "records": [
              "lab-alb-877693863.us-east-1.elb.amazonaws.com"
            ],
            "set_identifier": "myapp",
            "ttl": 1,
            "type": "CNAME",
            "weighted_routing_policy": [
              {
                "weight": 10
              }
            ],
            "zone_id": "Z04368091W6QIMLWGUKQA"
          },
          "sensitive_attributes": [],
          "private": "eyJzY2hlbWFfdmVyc2lvbiI6IjIifQ==",
          "dependencies": [
            "module.cluster.aws_alb.cluster_alb",
            "module.cluster.aws_security_group.alb_sg",
            "module.vpc.module.vpc.aws_subnet.public",
            "module.vpc.module.vpc.aws_vpc.this",
            "module.vpc.module.vpc.aws_vpc_ipv4_cidr_block_association.this"
          ]
        }
      ]
    },
    {
      "module": "module.cluster",
      "mode": "managed",
      "type": "aws_alb",
      "name": "cluster_alb",
      "provider": "provider[\"registry.terraform.io/hashicorp/aws\"]",
      "instances": [
        {
          "schema_version": 0,
          "attributes": {
            "access_logs": [
              {
                "bucket": "",
                "enabled": false,
                "prefix": ""
              }
            ],
            "arn": "arn:aws:elasticloadbalancing:us-east-1:509440620700:loadbalancer/app/lab-alb/13195929962d2a2f",
            "arn_suffix": "app/lab-alb/13195929962d2a2f",
            "customer_owned_ipv4_pool": "",
            "dns_name": "lab-alb-877693863.us-east-1.elb.amazonaws.com",
            "drop_invalid_header_fields": false,
            "enable_cross_zone_load_balancing": null,
            "enable_deletion_protection": false,
            "enable_http2": true,
            "id": "arn:aws:elasticloadbalancing:us-east-1:509440620700:loadbalancer/app/lab-alb/13195929962d2a2f",
            "idle_timeout": 60,
            "internal": false,
            "ip_address_type": "ipv4",
            "load_balancer_type": "application",
            "name": "lab-alb",
            "name_prefix": null,
            "security_groups": [
              "sg-03b608049e2d317fc"
            ],
            "subnet_mapping": [
              {
                "allocation_id": "",
                "ipv6_address": "",
                "outpost_id": "",
                "private_ipv4_address": "",
                "subnet_id": "subnet-071118d43585f0309"
              },
              {
                "allocation_id": "",
                "ipv6_address": "",
                "outpost_id": "",
                "private_ipv4_address": "",
                "subnet_id": "subnet-0d5d38f75b2352da8"
              }
            ],
            "subnets": [
              "subnet-071118d43585f0309",
              "subnet-0d5d38f75b2352da8"
            ],
            "tags": {
              "produto": "tag-produto",
              "squad": "tag-squad",
              "tribo": "tag-tribo"
            },
            "tags_all": {
              "produto": "tag-produto",
              "squad": "tag-squad",
              "tribo": "tag-tribo"
            },
            "timeouts": null,
            "vpc_id": "vpc-064b45b3ebae5edb3",
            "zone_id": "Z35SXDOTRQ7X7K"
          },
          "sensitive_attributes": [],
          "private": "eyJlMmJmYjczMC1lY2FhLTExZTYtOGY4OC0zNDM2M2JjN2M0YzAiOnsiY3JlYXRlIjo2MDAwMDAwMDAwMDAsImRlbGV0ZSI6NjAwMDAwMDAwMDAwLCJ1cGRhdGUiOjYwMDAwMDAwMDAwMH19",
          "dependencies": [
            "module.cluster.aws_security_group.alb_sg",
            "module.vpc.module.vpc.aws_subnet.public",
            "module.vpc.module.vpc.aws_vpc.this",
            "module.vpc.module.vpc.aws_vpc_ipv4_cidr_block_association.this"
          ],
          "create_before_destroy": true
        }
      ]
    },
    {
      "module": "module.cluster",
      "mode": "managed",
      "type": "aws_alb_listener",
      "name": "default",
      "provider": "provider[\"registry.terraform.io/hashicorp/aws\"]",
      "instances": [
        {
          "schema_version": 0,
          "attributes": {
            "alpn_policy": null,
            "arn": "arn:aws:elasticloadbalancing:us-east-1:509440620700:listener/app/lab-alb/13195929962d2a2f/8461c0cb04350a68",
            "certificate_arn": null,
            "default_action": [
              {
                "authenticate_cognito": [],
                "authenticate_oidc": [],
                "fixed_response": [],
                "forward": [],
                "order": 1,
                "redirect": [],
                "target_group_arn": "arn:aws:elasticloadbalancing:us-east-1:509440620700:targetgroup/lab-pedido/2d53f680b9301501",
                "type": "forward"
              }
            ],
            "id": "arn:aws:elasticloadbalancing:us-east-1:509440620700:listener/app/lab-alb/13195929962d2a2f/8461c0cb04350a68",
            "load_balancer_arn": "arn:aws:elasticloadbalancing:us-east-1:509440620700:loadbalancer/app/lab-alb/13195929962d2a2f",
            "port": 80,
            "protocol": "HTTP",
            "ssl_policy": "",
            "tags": null,
            "tags_all": {},
            "timeouts": null
          },
          "sensitive_attributes": [],
          "private": "eyJlMmJmYjczMC1lY2FhLTExZTYtOGY4OC0zNDM2M2JjN2M0YzAiOnsicmVhZCI6NjAwMDAwMDAwMDAwfX0=",
          "dependencies": [
            "module.cluster.aws_alb.cluster_alb",
            "module.cluster.aws_security_group.alb_sg",
            "module.pedido.aws_alb_target_group.tg",
            "module.vpc.module.vpc.aws_subnet.public",
            "module.vpc.module.vpc.aws_vpc.this",
            "module.vpc.module.vpc.aws_vpc_ipv4_cidr_block_association.this"
          ]
        }
      ]
    },
    {
      "module": "module.cluster",
      "mode": "managed",
      "type": "aws_cloudwatch_log_group",
      "name": "web-app",
      "provider": "provider[\"registry.terraform.io/hashicorp/aws\"]",
      "instances": [
        {
          "schema_version": 0,
          "attributes": {
            "arn": "arn:aws:logs:us-east-1:509440620700:log-group:lab-logs",
            "id": "lab-logs",
            "kms_key_id": "",
            "name": "lab-logs",
            "name_prefix": null,
            "retention_in_days": 0,
            "tags": {
              "produto": "tag-produto",
              "squad": "tag-squad",
              "tribo": "tag-tribo"
            },
            "tags_all": {
              "produto": "tag-produto",
              "squad": "tag-squad",
              "tribo": "tag-tribo"
            }
          },
          "sensitive_attributes": [],
          "private": "bnVsbA=="
        }
      ]
    },
    {
      "module": "module.cluster",
      "mode": "managed",
      "type": "aws_ecs_cluster",
      "name": "cluster",
      "provider": "provider[\"registry.terraform.io/hashicorp/aws\"]",
      "instances": [
        {
          "schema_version": 0,
          "attributes": {
            "arn": "arn:aws:ecs:us-east-1:509440620700:cluster/lab",
            "capacity_providers": null,
            "default_capacity_provider_strategy": [],
            "id": "arn:aws:ecs:us-east-1:509440620700:cluster/lab",
            "name": "lab",
            "setting": [
              {
                "name": "containerInsights",
                "value": "enabled"
              }
            ],
            "tags": {
              "produto": "tag-produto",
              "squad": "tag-squad",
              "tribo": "tag-tribo"
            },
            "tags_all": {
              "produto": "tag-produto",
              "squad": "tag-squad",
              "tribo": "tag-tribo"
            }
          },
          "sensitive_attributes": [],
          "private": "bnVsbA=="
        }
      ]
    },
    {
      "module": "module.cluster",
      "mode": "managed",
      "type": "aws_security_group",
      "name": "alb_sg",
      "provider": "provider[\"registry.terraform.io/hashicorp/aws\"]",
      "instances": [
        {
          "schema_version": 1,
          "attributes": {
            "arn": "arn:aws:ec2:us-east-1:509440620700:security-group/sg-03b608049e2d317fc",
            "description": "ALB Security Group",
            "egress": [
              {
                "cidr_blocks": [
                  "0.0.0.0/0"
                ],
                "description": "",
                "from_port": 0,
                "ipv6_cidr_blocks": [],
                "prefix_list_ids": [],
                "protocol": "-1",
                "security_groups": [],
                "self": false,
                "to_port": 0
              }
            ],
            "id": "sg-03b608049e2d317fc",
            "ingress": [
              {
                "cidr_blocks": [
                  "0.0.0.0/0"
                ],
                "description": "",
                "from_port": 80,
                "ipv6_cidr_blocks": [],
                "prefix_list_ids": [],
                "protocol": "tcp",
                "security_groups": [],
                "self": false,
                "to_port": 80
              }
            ],
            "name": "lab-alb-sg",
            "name_prefix": "",
            "owner_id": "509440620700",
            "revoke_rules_on_delete": false,
            "tags": {
              "produto": "tag-produto",
              "squad": "tag-squad",
              "tribo": "tag-tribo"
            },
            "tags_all": {
              "produto": "tag-produto",
              "squad": "tag-squad",
              "tribo": "tag-tribo"
            },
            "timeouts": null,
            "vpc_id": "vpc-064b45b3ebae5edb3"
          },
          "sensitive_attributes": [],
          "private": "eyJlMmJmYjczMC1lY2FhLTExZTYtOGY4OC0zNDM2M2JjN2M0YzAiOnsiY3JlYXRlIjo2MDAwMDAwMDAwMDAsImRlbGV0ZSI6OTAwMDAwMDAwMDAwfSwic2NoZW1hX3ZlcnNpb24iOiIxIn0=",
          "dependencies": [
            "module.vpc.module.vpc.aws_vpc.this"
          ],
          "create_before_destroy": true
        }
      ]
    },
    {
      "module": "module.front",
      "mode": "data",
      "type": "aws_caller_identity",
      "name": "current",
      "provider": "provider[\"registry.terraform.io/hashicorp/aws\"]",
      "instances": [
        {
          "schema_version": 0,
          "attributes": {
            "account_id": "509440620700",
            "arn": "arn:aws:iam::509440620700:user/iac-jonas",
            "id": "509440620700",
            "user_id": "AIDAXNHIG7COEROLYYGSE"
          },
          "sensitive_attributes": []
        }
      ]
    },
    {
      "module": "module.front",
      "mode": "managed",
      "type": "aws_alb_target_group",
      "name": "tg",
      "provider": "provider[\"registry.terraform.io/hashicorp/aws\"]",
      "instances": [
        {
          "schema_version": 0,
          "attributes": {
            "arn": "arn:aws:elasticloadbalancing:us-east-1:509440620700:targetgroup/lab-front/e1c3bd4ac8e90209",
            "arn_suffix": "targetgroup/lab-front/e1c3bd4ac8e90209",
            "deregistration_delay": 300,
            "health_check": [
              {
                "enabled": true,
                "healthy_threshold": 3,
                "interval": 30,
                "matcher": "200",
                "path": "/",
                "port": "80",
                "protocol": "HTTP",
                "timeout": 10,
                "unhealthy_threshold": 3
              }
            ],
            "id": "arn:aws:elasticloadbalancing:us-east-1:509440620700:targetgroup/lab-front/e1c3bd4ac8e90209",
            "lambda_multi_value_headers_enabled": false,
            "load_balancing_algorithm_type": "round_robin",
            "name": "lab-front",
            "name_prefix": null,
            "port": 80,
            "preserve_client_ip": null,
            "protocol": "HTTP",
            "protocol_version": "HTTP1",
            "proxy_protocol_v2": false,
            "slow_start": 0,
            "stickiness": [
              {
                "cookie_duration": 86400,
                "enabled": false,
                "type": "lb_cookie"
              }
            ],
            "tags": null,
            "tags_all": {},
            "target_type": "ip",
            "vpc_id": "vpc-064b45b3ebae5edb3"
          },
          "sensitive_attributes": [],
          "private": "bnVsbA==",
          "dependencies": [
            "module.cluster.aws_alb.cluster_alb",
            "module.cluster.aws_security_group.alb_sg",
            "module.vpc.module.vpc.aws_subnet.public",
            "module.vpc.module.vpc.aws_vpc.this",
            "module.vpc.module.vpc.aws_vpc_ipv4_cidr_block_association.this"
          ],
          "create_before_destroy": true
        }
      ]
    },
    {
      "module": "module.front",
      "mode": "managed",
      "type": "aws_appautoscaling_policy",
      "name": "app_down",
      "provider": "provider[\"registry.terraform.io/hashicorp/aws\"]",
      "instances": [
        {
          "schema_version": 0,
          "attributes": {
            "arn": "arn:aws:autoscaling:us-east-1:509440620700:scalingPolicy:7822b673-d35d-4f21-a17f-bbaab80be0c5:resource/ecs/service/lab/lab-front-srv:policyName/lab-front-srv-cpu-scale-down",
            "id": "lab-front-srv-cpu-scale-down",
            "name": "lab-front-srv-cpu-scale-down",
            "policy_type": "StepScaling",
            "resource_id": "service/lab/lab-front-srv",
            "scalable_dimension": "ecs:service:DesiredCount",
            "service_namespace": "ecs",
            "step_scaling_policy_configuration": [
              {
                "adjustment_type": "ChangeInCapacity",
                "cooldown": 60,
                "metric_aggregation_type": "Average",
                "min_adjustment_magnitude": 0,
                "step_adjustment": [
                  {
                    "metric_interval_lower_bound": "",
                    "metric_interval_upper_bound": "0",
                    "scaling_adjustment": -1
                  }
                ]
              }
            ],
            "target_tracking_scaling_policy_configuration": []
          },
          "sensitive_attributes": [],
          "private": "bnVsbA==",
          "dependencies": [
            "module.cluster.aws_alb.cluster_alb",
            "module.cluster.aws_ecs_cluster.cluster",
            "module.cluster.aws_security_group.alb_sg",
            "module.front.aws_alb_target_group.tg",
            "module.front.aws_appautoscaling_target.app_scale_target",
            "module.front.aws_cloudwatch_log_group.logs",
            "module.front.aws_ecr_repository.registry",
            "module.front.aws_ecs_service.service",
            "module.front.aws_ecs_task_definition.task",
            "module.front.aws_iam_role.ecs_execution_role",
            "module.front.aws_security_group.service_sg",
            "module.vpc.module.vpc.aws_subnet.private",
            "module.vpc.module.vpc.aws_subnet.public",
            "module.vpc.module.vpc.aws_vpc.this",
            "module.vpc.module.vpc.aws_vpc_ipv4_cidr_block_association.this"
          ]
        }
      ]
    },
    {
      "module": "module.front",
      "mode": "managed",
      "type": "aws_appautoscaling_policy",
      "name": "app_up",
      "provider": "provider[\"registry.terraform.io/hashicorp/aws\"]",
      "instances": [
        {
          "schema_version": 0,
          "attributes": {
            "arn": "arn:aws:autoscaling:us-east-1:509440620700:scalingPolicy:7822b673-d35d-4f21-a17f-bbaab80be0c5:resource/ecs/service/lab/lab-front-srv:policyName/lab-front-srv-cpu-scale-up",
            "id": "lab-front-srv-cpu-scale-up",
            "name": "lab-front-srv-cpu-scale-up",
            "policy_type": "StepScaling",
            "resource_id": "service/lab/lab-front-srv",
            "scalable_dimension": "ecs:service:DesiredCount",
            "service_namespace": "ecs",
            "step_scaling_policy_configuration": [
              {
                "adjustment_type": "ChangeInCapacity",
                "cooldown": 60,
                "metric_aggregation_type": "Average",
                "min_adjustment_magnitude": 0,
                "step_adjustment": [
                  {
                    "metric_interval_lower_bound": "0",
                    "metric_interval_upper_bound": "",
                    "scaling_adjustment": 1
                  }
                ]
              }
            ],
            "target_tracking_scaling_policy_configuration": []
          },
          "sensitive_attributes": [],
          "private": "bnVsbA==",
          "dependencies": [
            "module.cluster.aws_alb.cluster_alb",
            "module.cluster.aws_ecs_cluster.cluster",
            "module.cluster.aws_security_group.alb_sg",
            "module.front.aws_alb_target_group.tg",
            "module.front.aws_appautoscaling_target.app_scale_target",
            "module.front.aws_cloudwatch_log_group.logs",
            "module.front.aws_ecr_repository.registry",
            "module.front.aws_ecs_service.service",
            "module.front.aws_ecs_task_definition.task",
            "module.front.aws_iam_role.ecs_execution_role",
            "module.front.aws_security_group.service_sg",
            "module.vpc.module.vpc.aws_subnet.private",
            "module.vpc.module.vpc.aws_subnet.public",
            "module.vpc.module.vpc.aws_vpc.this",
            "module.vpc.module.vpc.aws_vpc_ipv4_cidr_block_association.this"
          ]
        }
      ]
    },
    {
      "module": "module.front",
      "mode": "managed",
      "type": "aws_appautoscaling_target",
      "name": "app_scale_target",
      "provider": "provider[\"registry.terraform.io/hashicorp/aws\"]",
      "instances": [
        {
          "schema_version": 0,
          "attributes": {
            "id": "service/lab/lab-front-srv",
            "max_capacity": 10,
            "min_capacity": 2,
            "resource_id": "service/lab/lab-front-srv",
            "role_arn": "arn:aws:iam::509440620700:role/aws-service-role/ecs.application-autoscaling.amazonaws.com/AWSServiceRoleForApplicationAutoScaling_ECSService",
            "scalable_dimension": "ecs:service:DesiredCount",
            "service_namespace": "ecs"
          },
          "sensitive_attributes": [],
          "private": "bnVsbA==",
          "dependencies": [
            "module.cluster.aws_alb.cluster_alb",
            "module.cluster.aws_ecs_cluster.cluster",
            "module.cluster.aws_security_group.alb_sg",
            "module.front.aws_alb_target_group.tg",
            "module.front.aws_cloudwatch_log_group.logs",
            "module.front.aws_ecr_repository.registry",
            "module.front.aws_ecs_service.service",
            "module.front.aws_ecs_task_definition.task",
            "module.front.aws_iam_role.ecs_execution_role",
            "module.front.aws_security_group.service_sg",
            "module.vpc.module.vpc.aws_subnet.private",
            "module.vpc.module.vpc.aws_subnet.public",
            "module.vpc.module.vpc.aws_vpc.this",
            "module.vpc.module.vpc.aws_vpc_ipv4_cidr_block_association.this"
          ]
        }
      ]
    },
    {
      "module": "module.front",
      "mode": "managed",
      "type": "aws_cloudwatch_log_group",
      "name": "logs",
      "provider": "provider[\"registry.terraform.io/hashicorp/aws\"]",
      "instances": [
        {
          "schema_version": 0,
          "attributes": {
            "arn": "arn:aws:logs:us-east-1:509440620700:log-group:lab-front",
            "id": "lab-front",
            "kms_key_id": "",
            "name": "lab-front",
            "name_prefix": null,
            "retention_in_days": 0,
            "tags": {
              "produto": "tag-produto",
              "squad": "tag-squad",
              "tribo": "tag-tribo"
            },
            "tags_all": {
              "produto": "tag-produto",
              "squad": "tag-squad",
              "tribo": "tag-tribo"
            }
          },
          "sensitive_attributes": [],
          "private": "bnVsbA=="
        }
      ]
    },
    {
      "module": "module.front",
      "mode": "managed",
      "type": "aws_cloudwatch_metric_alarm",
      "name": "cpu_utilization_high",
      "provider": "provider[\"registry.terraform.io/hashicorp/aws\"]",
      "instances": [
        {
          "schema_version": 1,
          "attributes": {
            "actions_enabled": true,
            "alarm_actions": [
              "arn:aws:autoscaling:us-east-1:509440620700:scalingPolicy:7822b673-d35d-4f21-a17f-bbaab80be0c5:resource/ecs/service/lab/lab-front-srv:policyName/lab-front-srv-cpu-scale-up"
            ],
            "alarm_description": "",
            "alarm_name": "lab-front-srv-cpu-high",
            "arn": "arn:aws:cloudwatch:us-east-1:509440620700:alarm:lab-front-srv-cpu-high",
            "comparison_operator": "GreaterThanOrEqualToThreshold",
            "datapoints_to_alarm": 0,
            "dimensions": {
              "ClusterName": "lab",
              "ServiceName": "front"
            },
            "evaluate_low_sample_count_percentiles": "",
            "evaluation_periods": 1,
            "extended_statistic": "",
            "id": "lab-front-srv-cpu-high",
            "insufficient_data_actions": null,
            "metric_name": "CPUUtilization",
            "metric_query": [],
            "namespace": "AWS/ECS",
            "ok_actions": null,
            "period": 60,
            "statistic": "Average",
            "tags": {
              "produto": "tag-produto",
              "squad": "tag-squad",
              "tribo": "tag-tribo"
            },
            "tags_all": {
              "produto": "tag-produto",
              "squad": "tag-squad",
              "tribo": "tag-tribo"
            },
            "threshold": 80,
            "threshold_metric_id": "",
            "treat_missing_data": "missing",
            "unit": ""
          },
          "sensitive_attributes": [],
          "private": "eyJzY2hlbWFfdmVyc2lvbiI6IjEifQ==",
          "dependencies": [
            "module.cluster.aws_alb.cluster_alb",
            "module.cluster.aws_ecs_cluster.cluster",
            "module.cluster.aws_security_group.alb_sg",
            "module.front.aws_alb_target_group.tg",
            "module.front.aws_appautoscaling_policy.app_up",
            "module.front.aws_appautoscaling_target.app_scale_target",
            "module.front.aws_cloudwatch_log_group.logs",
            "module.front.aws_ecr_repository.registry",
            "module.front.aws_ecs_service.service",
            "module.front.aws_ecs_task_definition.task",
            "module.front.aws_iam_role.ecs_execution_role",
            "module.front.aws_security_group.service_sg",
            "module.vpc.module.vpc.aws_subnet.private",
            "module.vpc.module.vpc.aws_subnet.public",
            "module.vpc.module.vpc.aws_vpc.this",
            "module.vpc.module.vpc.aws_vpc_ipv4_cidr_block_association.this"
          ]
        }
      ]
    },
    {
      "module": "module.front",
      "mode": "managed",
      "type": "aws_cloudwatch_metric_alarm",
      "name": "cpu_utilization_low",
      "provider": "provider[\"registry.terraform.io/hashicorp/aws\"]",
      "instances": [
        {
          "schema_version": 1,
          "attributes": {
            "actions_enabled": true,
            "alarm_actions": [
              "arn:aws:autoscaling:us-east-1:509440620700:scalingPolicy:7822b673-d35d-4f21-a17f-bbaab80be0c5:resource/ecs/service/lab/lab-front-srv:policyName/lab-front-srv-cpu-scale-down"
            ],
            "alarm_description": "",
            "alarm_name": "lab-front-srv-cpu-low",
            "arn": "arn:aws:cloudwatch:us-east-1:509440620700:alarm:lab-front-srv-cpu-low",
            "comparison_operator": "LessThanThreshold",
            "datapoints_to_alarm": 0,
            "dimensions": {
              "ClusterName": "lab",
              "ServiceName": "front"
            },
            "evaluate_low_sample_count_percentiles": "",
            "evaluation_periods": 1,
            "extended_statistic": "",
            "id": "lab-front-srv-cpu-low",
            "insufficient_data_actions": null,
            "metric_name": "CPUUtilization",
            "metric_query": [],
            "namespace": "AWS/ECS",
            "ok_actions": null,
            "period": 60,
            "statistic": "Average",
            "tags": {
              "produto": "tag-produto",
              "squad": "tag-squad",
              "tribo": "tag-tribo"
            },
            "tags_all": {
              "produto": "tag-produto",
              "squad": "tag-squad",
              "tribo": "tag-tribo"
            },
            "threshold": 50,
            "threshold_metric_id": "",
            "treat_missing_data": "missing",
            "unit": ""
          },
          "sensitive_attributes": [],
          "private": "eyJzY2hlbWFfdmVyc2lvbiI6IjEifQ==",
          "dependencies": [
            "module.cluster.aws_alb.cluster_alb",
            "module.cluster.aws_ecs_cluster.cluster",
            "module.cluster.aws_security_group.alb_sg",
            "module.front.aws_alb_target_group.tg",
            "module.front.aws_appautoscaling_policy.app_down",
            "module.front.aws_appautoscaling_target.app_scale_target",
            "module.front.aws_cloudwatch_log_group.logs",
            "module.front.aws_ecr_repository.registry",
            "module.front.aws_ecs_service.service",
            "module.front.aws_ecs_task_definition.task",
            "module.front.aws_iam_role.ecs_execution_role",
            "module.front.aws_security_group.service_sg",
            "module.vpc.module.vpc.aws_subnet.private",
            "module.vpc.module.vpc.aws_subnet.public",
            "module.vpc.module.vpc.aws_vpc.this",
            "module.vpc.module.vpc.aws_vpc_ipv4_cidr_block_association.this"
          ]
        }
      ]
    },
    {
      "module": "module.front",
      "mode": "managed",
      "type": "aws_ecr_repository",
      "name": "registry",
      "provider": "provider[\"registry.terraform.io/hashicorp/aws\"]",
      "instances": [
        {
          "schema_version": 0,
          "attributes": {
            "arn": "arn:aws:ecr:us-east-1:509440620700:repository/lab-front",
            "encryption_configuration": [
              {
                "encryption_type": "AES256",
                "kms_key": ""
              }
            ],
            "id": "lab-front",
            "image_scanning_configuration": [
              {
                "scan_on_push": false
              }
            ],
            "image_tag_mutability": "MUTABLE",
            "name": "lab-front",
            "registry_id": "509440620700",
            "repository_url": "509440620700.dkr.ecr.us-east-1.amazonaws.com/lab-front",
            "tags": {
              "produto": "tag-produto",
              "squad": "tag-squad",
              "tribo": "tag-tribo"
            },
            "tags_all": {
              "produto": "tag-produto",
              "squad": "tag-squad",
              "tribo": "tag-tribo"
            },
            "timeouts": null
          },
          "sensitive_attributes": [],
          "private": "eyJlMmJmYjczMC1lY2FhLTExZTYtOGY4OC0zNDM2M2JjN2M0YzAiOnsiZGVsZXRlIjoxMjAwMDAwMDAwMDAwfX0="
        }
      ]
    },
    {
      "module": "module.front",
      "mode": "managed",
      "type": "aws_ecs_service",
      "name": "service",
      "provider": "provider[\"registry.terraform.io/hashicorp/aws\"]",
      "instances": [
        {
          "schema_version": 0,
          "attributes": {
            "capacity_provider_strategy": [],
            "cluster": "arn:aws:ecs:us-east-1:509440620700:cluster/lab",
            "deployment_circuit_breaker": [
              {
                "enable": false,
                "rollback": false
              }
            ],
            "deployment_controller": [
              {
                "type": "ECS"
              }
            ],
            "deployment_maximum_percent": 200,
            "deployment_minimum_healthy_percent": 100,
            "desired_count": 2,
            "enable_ecs_managed_tags": false,
            "enable_execute_command": false,
            "force_new_deployment": null,
            "health_check_grace_period_seconds": 0,
            "iam_role": "aws-service-role",
            "id": "arn:aws:ecs:us-east-1:509440620700:service/lab/lab-front-srv",
            "launch_type": "FARGATE",
            "load_balancer": [
              {
                "container_name": "lab-front",
                "container_port": 80,
                "elb_name": "",
                "target_group_arn": "arn:aws:elasticloadbalancing:us-east-1:509440620700:targetgroup/lab-front/e1c3bd4ac8e90209"
              }
            ],
            "name": "lab-front-srv",
            "network_configuration": [
              {
                "assign_public_ip": false,
                "security_groups": [
                  "sg-0960ef50731ee8057"
                ],
                "subnets": [
                  "subnet-01b40ad5641f79ce6",
                  "subnet-0e243a57958c4aa36"
                ]
              }
            ],
            "ordered_placement_strategy": [],
            "placement_constraints": [],
            "platform_version": "1.3.0",
            "propagate_tags": "NONE",
            "scheduling_strategy": "REPLICA",
            "service_registries": [],
            "tags": null,
            "tags_all": {},
            "task_definition": "arn:aws:ecs:us-east-1:509440620700:task-definition/lab-front:7",
            "timeouts": null,
            "wait_for_steady_state": false
          },
          "sensitive_attributes": [],
          "private": "eyJlMmJmYjczMC1lY2FhLTExZTYtOGY4OC0zNDM2M2JjN2M0YzAiOnsiZGVsZXRlIjoxMjAwMDAwMDAwMDAwfX0=",
          "dependencies": [
            "module.cluster.aws_alb.cluster_alb",
            "module.cluster.aws_ecs_cluster.cluster",
            "module.cluster.aws_security_group.alb_sg",
            "module.front.aws_alb_target_group.tg",
            "module.front.aws_cloudwatch_log_group.logs",
            "module.front.aws_ecr_repository.registry",
            "module.front.aws_ecs_task_definition.task",
            "module.front.aws_iam_role.ecs_execution_role",
            "module.front.aws_security_group.service_sg",
            "module.vpc.module.vpc.aws_subnet.private",
            "module.vpc.module.vpc.aws_subnet.public",
            "module.vpc.module.vpc.aws_vpc.this",
            "module.vpc.module.vpc.aws_vpc_ipv4_cidr_block_association.this"
          ]
        }
      ]
    },
    {
      "module": "module.front",
      "mode": "managed",
      "type": "aws_ecs_task_definition",
      "name": "task",
      "provider": "provider[\"registry.terraform.io/hashicorp/aws\"]",
      "instances": [
        {
          "schema_version": 1,
          "attributes": {
            "arn": "arn:aws:ecs:us-east-1:509440620700:task-definition/lab-front:7",
            "container_definitions": "[{\"cpu\":256,\"environment\":[],\"essential\":true,\"image\":\"509440620700.dkr.ecr.us-east-1.amazonaws.com/lab-front\",\"logConfiguration\":{\"logDriver\":\"awslogs\",\"options\":{\"awslogs-group\":\"lab-front\",\"awslogs-region\":\"us-east-1\",\"awslogs-stream-prefix\":\"front\"}},\"memory\":512,\"mountPoints\":[],\"name\":\"lab-front\",\"portMappings\":[{\"containerPort\":80,\"hostPort\":80,\"protocol\":\"tcp\"}],\"volumesFrom\":[]}]",
            "cpu": "256",
            "execution_role_arn": "arn:aws:iam::509440620700:role/ecs-task-lab-front-role",
            "family": "lab-front",
            "id": "lab-front",
            "inference_accelerator": [],
            "ipc_mode": "",
            "memory": "512",
            "network_mode": "awsvpc",
            "pid_mode": "",
            "placement_constraints": [],
            "proxy_configuration": [],
            "requires_compatibilities": [
              "FARGATE"
            ],
            "revision": 7,
            "tags": {
              "produto": "tag-produto",
              "squad": "tag-squad",
              "tribo": "tag-tribo"
            },
            "tags_all": {
              "produto": "tag-produto",
              "squad": "tag-squad",
              "tribo": "tag-tribo"
            },
            "task_role_arn": "arn:aws:iam::509440620700:role/ecs-task-lab-front-role",
            "volume": []
          },
          "sensitive_attributes": [],
          "private": "eyJzY2hlbWFfdmVyc2lvbiI6IjEifQ==",
          "dependencies": [
            "module.front.aws_cloudwatch_log_group.logs",
            "module.front.aws_ecr_repository.registry",
            "module.front.aws_iam_role.ecs_execution_role"
          ]
        }
      ]
    },
    {
      "module": "module.front",
      "mode": "managed",
      "type": "aws_iam_role",
      "name": "ecs_execution_role",
      "provider": "provider[\"registry.terraform.io/hashicorp/aws\"]",
      "instances": [
        {
          "schema_version": 0,
          "attributes": {
            "arn": "arn:aws:iam::509440620700:role/ecs-task-lab-front-role",
            "assume_role_policy": "{\"Version\":\"2012-10-17\",\"Statement\":[{\"Sid\":\"\",\"Effect\":\"Allow\",\"Principal\":{\"Service\":\"ecs-tasks.amazonaws.com\"},\"Action\":\"sts:AssumeRole\"}]}",
            "create_date": "2021-05-28T03:27:06Z",
            "description": "",
            "force_detach_policies": false,
            "id": "ecs-task-lab-front-role",
            "inline_policy": [
              {
                "name": "",
                "policy": ""
              }
            ],
            "managed_policy_arns": [],
            "max_session_duration": 3600,
            "name": "ecs-task-lab-front-role",
            "name_prefix": null,
            "path": "/",
            "permissions_boundary": null,
            "tags": {
              "produto": "tag-produto",
              "squad": "tag-squad",
              "tribo": "tag-tribo"
            },
            "tags_all": {
              "produto": "tag-produto",
              "squad": "tag-squad",
              "tribo": "tag-tribo"
            },
            "unique_id": "AROAXNHIG7COLVFOPV7T6"
          },
          "sensitive_attributes": [],
          "private": "bnVsbA=="
        }
      ]
    },
    {
      "module": "module.front",
      "mode": "managed",
      "type": "aws_iam_role_policy",
      "name": "ecs_execution_role_policy",
      "provider": "provider[\"registry.terraform.io/hashicorp/aws\"]",
      "instances": [
        {
          "schema_version": 0,
          "attributes": {
            "id": "ecs-task-lab-front-role:ecs-task-lab-front-policy",
            "name": "ecs-task-lab-front-policy",
            "name_prefix": null,
            "policy": "{\r\n    \"Version\": \"2012-10-17\",\r\n    \"Statement\": [\r\n      {\r\n        \"Effect\": \"Allow\",\r\n        \"Action\": [\r\n          \"ecr:GetAuthorizationToken\",\r\n          \"ecr:BatchCheckLayerAvailability\",\r\n          \"ecr:GetDownloadUrlForLayer\",\r\n          \"ecr:BatchGetImage\",\r\n          \"logs:CreateLogStream\",\r\n          \"logs:PutLogEvents\"\r\n        ],\r\n        \"Resource\": \"*\"\r\n      }\r\n    ]\r\n  }",
            "role": "ecs-task-lab-front-role"
          },
          "sensitive_attributes": [],
          "private": "bnVsbA==",
          "dependencies": [
            "module.front.aws_iam_role.ecs_execution_role"
          ]
        }
      ]
    },
    {
      "module": "module.front",
      "mode": "managed",
      "type": "aws_lb_listener_rule",
      "name": "service",
      "provider": "provider[\"registry.terraform.io/hashicorp/aws\"]",
      "instances": [
        {
          "schema_version": 0,
          "attributes": {
            "action": [
              {
                "authenticate_cognito": [],
                "authenticate_oidc": [],
                "fixed_response": [],
                "forward": [],
                "order": 1,
                "redirect": [],
                "target_group_arn": "arn:aws:elasticloadbalancing:us-east-1:509440620700:targetgroup/lab-front/e1c3bd4ac8e90209",
                "type": "forward"
              }
            ],
            "arn": "arn:aws:elasticloadbalancing:us-east-1:509440620700:listener-rule/app/lab-alb/13195929962d2a2f/8461c0cb04350a68/8281a5bc94c9dd98",
            "condition": [
              {
                "host_header": [],
                "http_header": [],
                "http_request_method": [],
                "path_pattern": [
                  {
                    "values": [
                      "/front*"
                    ]
                  }
                ],
                "query_string": [],
                "source_ip": []
              }
            ],
            "id": "arn:aws:elasticloadbalancing:us-east-1:509440620700:listener-rule/app/lab-alb/13195929962d2a2f/8461c0cb04350a68/8281a5bc94c9dd98",
            "listener_arn": "arn:aws:elasticloadbalancing:us-east-1:509440620700:listener/app/lab-alb/13195929962d2a2f/8461c0cb04350a68",
            "priority": 1,
            "tags": null,
            "tags_all": {}
          },
          "sensitive_attributes": [],
          "private": "bnVsbA==",
          "dependencies": [
            "module.cluster.aws_alb.cluster_alb",
            "module.cluster.aws_alb_listener.default",
            "module.cluster.aws_security_group.alb_sg",
            "module.front.aws_alb_target_group.tg",
            "module.pedido.aws_alb_target_group.tg",
            "module.vpc.module.vpc.aws_subnet.public",
            "module.vpc.module.vpc.aws_vpc.this",
            "module.vpc.module.vpc.aws_vpc_ipv4_cidr_block_association.this"
          ]
        }
      ]
    },
    {
      "module": "module.front",
      "mode": "managed",
      "type": "aws_security_group",
      "name": "service_sg",
      "provider": "provider[\"registry.terraform.io/hashicorp/aws\"]",
      "instances": [
        {
          "schema_version": 1,
          "attributes": {
            "arn": "arn:aws:ec2:us-east-1:509440620700:security-group/sg-0960ef50731ee8057",
            "description": "lab-front",
            "egress": [
              {
                "cidr_blocks": [
                  "0.0.0.0/0"
                ],
                "description": "",
                "from_port": 0,
                "ipv6_cidr_blocks": [],
                "prefix_list_ids": [],
                "protocol": "-1",
                "security_groups": [],
                "self": false,
                "to_port": 0
              }
            ],
            "id": "sg-0960ef50731ee8057",
            "ingress": [
              {
                "cidr_blocks": [],
                "description": "",
                "from_port": 80,
                "ipv6_cidr_blocks": [],
                "prefix_list_ids": [],
                "protocol": "tcp",
                "security_groups": [
                  "sg-03b608049e2d317fc"
                ],
                "self": false,
                "to_port": 80
              }
            ],
            "name": "lab-front-sg",
            "name_prefix": "",
            "owner_id": "509440620700",
            "revoke_rules_on_delete": false,
            "tags": {
              "produto": "tag-produto",
              "squad": "tag-squad",
              "tribo": "tag-tribo"
            },
            "tags_all": {
              "produto": "tag-produto",
              "squad": "tag-squad",
              "tribo": "tag-tribo"
            },
            "timeouts": null,
            "vpc_id": "vpc-064b45b3ebae5edb3"
          },
          "sensitive_attributes": [],
          "private": "eyJlMmJmYjczMC1lY2FhLTExZTYtOGY4OC0zNDM2M2JjN2M0YzAiOnsiY3JlYXRlIjo2MDAwMDAwMDAwMDAsImRlbGV0ZSI6OTAwMDAwMDAwMDAwfSwic2NoZW1hX3ZlcnNpb24iOiIxIn0=",
          "dependencies": [
            "module.cluster.aws_security_group.alb_sg",
            "module.vpc.module.vpc.aws_vpc.this"
          ]
        }
      ]
    },
    {
      "module": "module.front",
      "mode": "managed",
      "type": "aws_security_group_rule",
      "name": "service_alb_access_sg_rule",
      "provider": "provider[\"registry.terraform.io/hashicorp/aws\"]",
      "instances": [
        {
          "index_key": 0,
          "schema_version": 2,
          "attributes": {
            "cidr_blocks": null,
            "description": null,
            "from_port": 80,
            "id": "sgrule-3071286600",
            "ipv6_cidr_blocks": null,
            "prefix_list_ids": null,
            "protocol": "tcp",
            "security_group_id": "sg-0960ef50731ee8057",
            "self": false,
            "source_security_group_id": "sg-03b608049e2d317fc",
            "to_port": 443,
            "type": "ingress"
          },
          "sensitive_attributes": [],
          "private": "eyJzY2hlbWFfdmVyc2lvbiI6IjIifQ==",
          "dependencies": [
            "module.cluster.aws_security_group.alb_sg",
            "module.front.aws_security_group.service_sg",
            "module.vpc.module.vpc.aws_vpc.this"
          ]
        }
      ]
    },
    {
      "module": "module.front.module.pipeline",
      "mode": "data",
      "type": "template_file",
      "name": "codebuild_policy",
      "provider": "provider[\"registry.terraform.io/hashicorp/template\"]",
      "instances": [
        {
          "schema_version": 0,
          "attributes": {
            "filename": null,
            "id": "71e6fb3bdd31033cf355b12a29e2f0ccaf2a0413810e468aa3f07de18ca70fb3",
            "rendered": "{\r\n    \"Version\": \"2012-10-17\",\r\n    \"Statement\": [\r\n      {\r\n        \"Effect\": \"Allow\",\r\n        \"Resource\": [\r\n          \"*\"\r\n        ],\r\n        \"Action\": [\r\n          \"logs:CreateLogGroup\",\r\n          \"logs:CreateLogStream\",\r\n          \"logs:PutLogEvents\",\r\n          \"ecr:GetAuthorizationToken\",\r\n          \"ecr:InitiateLayerUpload\",\r\n          \"ecr:UploadLayerPart\",\r\n          \"ecr:CompleteLayerUpload\",\r\n          \"ecr:BatchCheckLayerAvailability\",\r\n          \"ecr:PutImage\",\r\n          \"ecs:RunTask\",\r\n          \"iam:PassRole\"\r\n        ]\r\n      },\r\n      {\r\n        \"Effect\":\"Allow\",\r\n        \"Action\": [\r\n          \"s3:GetObject\",\r\n          \"s3:GetObjectVersion\",\r\n          \"s3:GetBucketVersioning\",\r\n          \"s3:List*\",\r\n          \"s3:PutObject\"\r\n        ],\r\n        \"Resource\": [\r\n          \"arn:aws:s3:::lab-front-509440620700-pipeline\",\r\n          \"arn:aws:s3:::lab-front-509440620700-pipeline/*\"\r\n        ]\r\n      }\r\n    ]\r\n  }",
            "template": "{\r\n    \"Version\": \"2012-10-17\",\r\n    \"Statement\": [\r\n      {\r\n        \"Effect\": \"Allow\",\r\n        \"Resource\": [\r\n          \"*\"\r\n        ],\r\n        \"Action\": [\r\n          \"logs:CreateLogGroup\",\r\n          \"logs:CreateLogStream\",\r\n          \"logs:PutLogEvents\",\r\n          \"ecr:GetAuthorizationToken\",\r\n          \"ecr:InitiateLayerUpload\",\r\n          \"ecr:UploadLayerPart\",\r\n          \"ecr:CompleteLayerUpload\",\r\n          \"ecr:BatchCheckLayerAvailability\",\r\n          \"ecr:PutImage\",\r\n          \"ecs:RunTask\",\r\n          \"iam:PassRole\"\r\n        ]\r\n      },\r\n      {\r\n        \"Effect\":\"Allow\",\r\n        \"Action\": [\r\n          \"s3:GetObject\",\r\n          \"s3:GetObjectVersion\",\r\n          \"s3:GetBucketVersioning\",\r\n          \"s3:List*\",\r\n          \"s3:PutObject\"\r\n        ],\r\n        \"Resource\": [\r\n          \"${aws_s3_bucket_arn}\",\r\n          \"${aws_s3_bucket_arn}/*\"\r\n        ]\r\n      }\r\n    ]\r\n  }",
            "vars": {
              "aws_s3_bucket_arn": "arn:aws:s3:::lab-front-509440620700-pipeline"
            }
          },
          "sensitive_attributes": []
        }
      ]
    },
    {
      "module": "module.front.module.pipeline",
      "mode": "data",
      "type": "template_file",
      "name": "codedeploy_policy",
      "provider": "provider[\"registry.terraform.io/hashicorp/template\"]",
      "instances": [
        {
          "schema_version": 0,
          "attributes": {
            "filename": null,
            "id": "0e1d397955e194535a59aea9be07f83dc6b3e2872fd4fee81e5820fe1fa1975c",
            "rendered": "{\r\n    \"Version\": \"2012-10-17\",\r\n    \"Statement\": [\r\n        {\r\n            \"Action\": [\r\n                \"ecs:DescribeServices\",\r\n                \"ecs:CreateTaskSet\",\r\n                \"ecs:UpdateServicePrimaryTaskSet\",\r\n                \"ecs:DeleteTaskSet\",\r\n                \"cloudwatch:DescribeAlarms\"\r\n            ],\r\n            \"Resource\": \"*\",\r\n            \"Effect\": \"Allow\"\r\n        },\r\n        {\r\n            \"Action\": [\r\n                \"sns:Publish\"\r\n            ],\r\n            \"Resource\": \"arn:aws:sns:*:*:CodeDeployTopic_*\",\r\n            \"Effect\": \"Allow\"\r\n        },\r\n        {\r\n            \"Action\": [\r\n                \"elasticloadbalancing:DescribeTargetGroups\",\r\n                \"elasticloadbalancing:DescribeListeners\",\r\n                \"elasticloadbalancing:ModifyListener\",\r\n                \"elasticloadbalancing:DescribeRules\",\r\n                \"elasticloadbalancing:ModifyRule\"\r\n            ],\r\n            \"Resource\": \"*\",\r\n            \"Effect\": \"Allow\"\r\n        },\r\n        {\r\n            \"Action\": [\r\n                \"lambda:InvokeFunction\"\r\n            ],\r\n            \"Resource\": \"arn:aws:lambda:*:*:function:CodeDeployHook_*\",\r\n            \"Effect\": \"Allow\"\r\n        },\r\n        {\r\n            \"Action\": [\r\n                \"s3:GetObject\",\r\n                \"s3:GetObjectMetadata\",\r\n                \"s3:GetObjectVersion\"\r\n            ],\r\n            \"Resource\": \"*\",\r\n            \"Condition\": {\r\n                \"StringEquals\": {\r\n                    \"s3:ExistingObjectTag/UseWithCodeDeploy\": \"true\"\r\n                }\r\n            },\r\n            \"Effect\": \"Allow\"\r\n        }\r\n    ]\r\n}",
            "template": "{\r\n    \"Version\": \"2012-10-17\",\r\n    \"Statement\": [\r\n        {\r\n            \"Action\": [\r\n                \"ecs:DescribeServices\",\r\n                \"ecs:CreateTaskSet\",\r\n                \"ecs:UpdateServicePrimaryTaskSet\",\r\n                \"ecs:DeleteTaskSet\",\r\n                \"cloudwatch:DescribeAlarms\"\r\n            ],\r\n            \"Resource\": \"*\",\r\n            \"Effect\": \"Allow\"\r\n        },\r\n        {\r\n            \"Action\": [\r\n                \"sns:Publish\"\r\n            ],\r\n            \"Resource\": \"arn:aws:sns:*:*:CodeDeployTopic_*\",\r\n            \"Effect\": \"Allow\"\r\n        },\r\n        {\r\n            \"Action\": [\r\n                \"elasticloadbalancing:DescribeTargetGroups\",\r\n                \"elasticloadbalancing:DescribeListeners\",\r\n                \"elasticloadbalancing:ModifyListener\",\r\n                \"elasticloadbalancing:DescribeRules\",\r\n                \"elasticloadbalancing:ModifyRule\"\r\n            ],\r\n            \"Resource\": \"*\",\r\n            \"Effect\": \"Allow\"\r\n        },\r\n        {\r\n            \"Action\": [\r\n                \"lambda:InvokeFunction\"\r\n            ],\r\n            \"Resource\": \"arn:aws:lambda:*:*:function:CodeDeployHook_*\",\r\n            \"Effect\": \"Allow\"\r\n        },\r\n        {\r\n            \"Action\": [\r\n                \"s3:GetObject\",\r\n                \"s3:GetObjectMetadata\",\r\n                \"s3:GetObjectVersion\"\r\n            ],\r\n            \"Resource\": \"*\",\r\n            \"Condition\": {\r\n                \"StringEquals\": {\r\n                    \"s3:ExistingObjectTag/UseWithCodeDeploy\": \"true\"\r\n                }\r\n            },\r\n            \"Effect\": \"Allow\"\r\n        }\r\n    ]\r\n}",
            "vars": null
          },
          "sensitive_attributes": []
        }
      ]
    },
    {
      "module": "module.front.module.pipeline",
      "mode": "data",
      "type": "template_file",
      "name": "codepipeline_policy",
      "provider": "provider[\"registry.terraform.io/hashicorp/template\"]",
      "instances": [
        {
          "schema_version": 0,
          "attributes": {
            "filename": null,
            "id": "65ee3b27b6ce40b3f33110a03d76d02d26f8fe9ad88217668ad7ee9f0ebd8514",
            "rendered": "{\r\n    \"Version\": \"2012-10-17\",\r\n    \"Statement\": [\r\n      {\r\n        \"Effect\":\"Allow\",\r\n        \"Action\": [\r\n          \"s3:GetObject\",\r\n          \"s3:GetObjectVersion\",\r\n          \"s3:GetBucketVersioning\",\r\n          \"s3:List*\",\r\n          \"s3:PutObject\"\r\n        ],\r\n        \"Resource\": [\r\n          \"arn:aws:s3:::lab-front-509440620700-pipeline\",\r\n          \"arn:aws:s3:::lab-front-509440620700-pipeline/*\"\r\n        ]\r\n      },\r\n      {\r\n        \"Effect\": \"Allow\",\r\n        \"Action\": [\r\n          \"codebuild:BatchGetBuilds\",\r\n          \"codebuild:StartBuild\"\r\n        ],\r\n        \"Resource\": \"*\"\r\n      },\r\n      {\r\n        \"Effect\": \"Allow\",\r\n        \"Action\": [\r\n          \"codecommit:GetBranch\",\r\n          \"codecommit:GetCommit\",\r\n          \"codecommit:UploadArchive\",\r\n          \"codecommit:GetUploadArchiveStatus\",\r\n          \"codecommit:CancelUploadArchive\"\r\n        ],\r\n        \"Resource\": \"*\"\r\n      },\r\n      {\r\n        \"Action\": [\r\n          \"ecs:*\",\r\n          \"ecr:DescribeImages\",\r\n          \"events:DescribeRule\",\r\n          \"events:DeleteRule\",\r\n          \"events:ListRuleNamesByTarget\",\r\n          \"events:ListTargetsByRule\",\r\n          \"events:PutRule\",\r\n          \"events:PutTargets\",\r\n          \"events:RemoveTargets\",\r\n          \"iam:ListAttachedRolePolicies\",\r\n          \"iam:ListInstanceProfiles\",\r\n          \"iam:ListRoles\",\r\n          \"logs:CreateLogGroup\",\r\n          \"logs:DescribeLogGroups\",\r\n          \"logs:FilterLogEvents\"\r\n        ],\r\n        \"Resource\": \"*\",\r\n        \"Effect\": \"Allow\"\r\n      },\r\n      {\r\n        \"Action\": \"iam:PassRole\",\r\n        \"Effect\": \"Allow\",\r\n        \"Resource\": [\r\n          \"*\"\r\n        ],\r\n        \"Condition\": {\r\n          \"StringLike\": {\r\n            \"iam:PassedToService\": \"ecs-tasks.amazonaws.com\"\r\n          }\r\n        }\r\n      },\r\n      {\r\n        \"Action\": \"iam:PassRole\",\r\n        \"Effect\": \"Allow\",\r\n        \"Resource\": [\r\n          \"arn:aws:iam::*:role/ecsInstanceRole*\"\r\n        ],\r\n        \"Condition\": {\r\n          \"StringLike\": {\r\n            \"iam:PassedToService\": [\r\n              \"ec2.amazonaws.com\",\r\n              \"ec2.amazonaws.com.cn\"\r\n            ]\r\n          }\r\n        }\r\n      },\r\n      {\r\n        \"Action\": \"iam:PassRole\",\r\n        \"Effect\": \"Allow\",\r\n        \"Resource\": [\r\n          \"arn:aws:iam::*:role/ecsAutoscaleRole*\"\r\n        ],\r\n        \"Condition\": {\r\n          \"StringLike\": {\r\n            \"iam:PassedToService\": [\r\n              \"application-autoscaling.amazonaws.com\",\r\n              \"application-autoscaling.amazonaws.com.cn\"\r\n            ]\r\n          }\r\n        }\r\n      },\r\n      {\r\n        \"Effect\": \"Allow\",\r\n        \"Action\": \"iam:CreateServiceLinkedRole\",\r\n        \"Resource\": \"*\",\r\n        \"Condition\": {\r\n          \"StringLike\": {\r\n            \"iam:AWSServiceName\": [\r\n              \"ecs.amazonaws.com\",\r\n              \"spot.amazonaws.com\",\r\n              \"spotfleet.amazonaws.com\"\r\n            ]\r\n          }\r\n        }\r\n      }\r\n    ]\r\n  }",
            "template": "{\r\n    \"Version\": \"2012-10-17\",\r\n    \"Statement\": [\r\n      {\r\n        \"Effect\":\"Allow\",\r\n        \"Action\": [\r\n          \"s3:GetObject\",\r\n          \"s3:GetObjectVersion\",\r\n          \"s3:GetBucketVersioning\",\r\n          \"s3:List*\",\r\n          \"s3:PutObject\"\r\n        ],\r\n        \"Resource\": [\r\n          \"${aws_s3_bucket_arn}\",\r\n          \"${aws_s3_bucket_arn}/*\"\r\n        ]\r\n      },\r\n      {\r\n        \"Effect\": \"Allow\",\r\n        \"Action\": [\r\n          \"codebuild:BatchGetBuilds\",\r\n          \"codebuild:StartBuild\"\r\n        ],\r\n        \"Resource\": \"*\"\r\n      },\r\n      {\r\n        \"Effect\": \"Allow\",\r\n        \"Action\": [\r\n          \"codecommit:GetBranch\",\r\n          \"codecommit:GetCommit\",\r\n          \"codecommit:UploadArchive\",\r\n          \"codecommit:GetUploadArchiveStatus\",\r\n          \"codecommit:CancelUploadArchive\"\r\n        ],\r\n        \"Resource\": \"*\"\r\n      },\r\n      {\r\n        \"Action\": [\r\n          \"ecs:*\",\r\n          \"ecr:DescribeImages\",\r\n          \"events:DescribeRule\",\r\n          \"events:DeleteRule\",\r\n          \"events:ListRuleNamesByTarget\",\r\n          \"events:ListTargetsByRule\",\r\n          \"events:PutRule\",\r\n          \"events:PutTargets\",\r\n          \"events:RemoveTargets\",\r\n          \"iam:ListAttachedRolePolicies\",\r\n          \"iam:ListInstanceProfiles\",\r\n          \"iam:ListRoles\",\r\n          \"logs:CreateLogGroup\",\r\n          \"logs:DescribeLogGroups\",\r\n          \"logs:FilterLogEvents\"\r\n        ],\r\n        \"Resource\": \"*\",\r\n        \"Effect\": \"Allow\"\r\n      },\r\n      {\r\n        \"Action\": \"iam:PassRole\",\r\n        \"Effect\": \"Allow\",\r\n        \"Resource\": [\r\n          \"*\"\r\n        ],\r\n        \"Condition\": {\r\n          \"StringLike\": {\r\n            \"iam:PassedToService\": \"ecs-tasks.amazonaws.com\"\r\n          }\r\n        }\r\n      },\r\n      {\r\n        \"Action\": \"iam:PassRole\",\r\n        \"Effect\": \"Allow\",\r\n        \"Resource\": [\r\n          \"arn:aws:iam::*:role/ecsInstanceRole*\"\r\n        ],\r\n        \"Condition\": {\r\n          \"StringLike\": {\r\n            \"iam:PassedToService\": [\r\n              \"ec2.amazonaws.com\",\r\n              \"ec2.amazonaws.com.cn\"\r\n            ]\r\n          }\r\n        }\r\n      },\r\n      {\r\n        \"Action\": \"iam:PassRole\",\r\n        \"Effect\": \"Allow\",\r\n        \"Resource\": [\r\n          \"arn:aws:iam::*:role/ecsAutoscaleRole*\"\r\n        ],\r\n        \"Condition\": {\r\n          \"StringLike\": {\r\n            \"iam:PassedToService\": [\r\n              \"application-autoscaling.amazonaws.com\",\r\n              \"application-autoscaling.amazonaws.com.cn\"\r\n            ]\r\n          }\r\n        }\r\n      },\r\n      {\r\n        \"Effect\": \"Allow\",\r\n        \"Action\": \"iam:CreateServiceLinkedRole\",\r\n        \"Resource\": \"*\",\r\n        \"Condition\": {\r\n          \"StringLike\": {\r\n            \"iam:AWSServiceName\": [\r\n              \"ecs.amazonaws.com\",\r\n              \"spot.amazonaws.com\",\r\n              \"spotfleet.amazonaws.com\"\r\n            ]\r\n          }\r\n        }\r\n      }\r\n    ]\r\n  }",
            "vars": {
              "aws_s3_bucket_arn": "arn:aws:s3:::lab-front-509440620700-pipeline"
            }
          },
          "sensitive_attributes": []
        }
      ]
    },
    {
      "module": "module.front.module.pipeline",
      "mode": "data",
      "type": "template_file",
      "name": "events_policy",
      "provider": "provider[\"registry.terraform.io/hashicorp/template\"]",
      "instances": [
        {
          "schema_version": 0,
          "attributes": {
            "filename": null,
            "id": "5fc8814a05ad3da5c22227ff9fd555fa7d4537bf6c4de2e715dbb1a618b78834",
            "rendered": "{\r\n    \"Version\": \"2012-10-17\",\r\n    \"Statement\": [\r\n        {\r\n            \"Effect\": \"Allow\",\r\n            \"Action\": [\r\n                \"codepipeline:StartPipelineExecution\"\r\n            ],\r\n            \"Resource\": [\r\n                \"arn:aws:codepipeline:us-east-1:509440620700:lab-front-pipeline\"\r\n            ]\r\n        }\r\n    ]\r\n}",
            "template": "{\r\n    \"Version\": \"2012-10-17\",\r\n    \"Statement\": [\r\n        {\r\n            \"Effect\": \"Allow\",\r\n            \"Action\": [\r\n                \"codepipeline:StartPipelineExecution\"\r\n            ],\r\n            \"Resource\": [\r\n                \"${aws_codepipeline_pipeline_arn}\"\r\n            ]\r\n        }\r\n    ]\r\n}",
            "vars": {
              "aws_codepipeline_pipeline_arn": "arn:aws:codepipeline:us-east-1:509440620700:lab-front-pipeline"
            }
          },
          "sensitive_attributes": []
        }
      ]
    },
    {
      "module": "module.front.module.pipeline",
      "mode": "managed",
      "type": "aws_cloudwatch_event_rule",
      "name": "ecr_latest_image",
      "provider": "provider[\"registry.terraform.io/hashicorp/aws\"]",
      "instances": [
        {
          "schema_version": 0,
          "attributes": {
            "arn": "arn:aws:events:us-east-1:509440620700:rule/lab-front-rule",
            "description": "",
            "event_bus_name": "default",
            "event_pattern": "{\"detail\":{\"eventName\":[\"PutImage\"],\"eventSource\":[\"ecr.amazonaws.com\"],\"requestParameters\":{\"imageTag\":[\"latest\"],\"repositoryName\":[\"lab-front\"]}},\"source\":[\"aws.ecr\"]}",
            "id": "lab-front-rule",
            "is_enabled": true,
            "name": "lab-front-rule",
            "name_prefix": "",
            "role_arn": "",
            "schedule_expression": "",
            "tags": {
              "produto": "tag-produto",
              "squad": "tag-squad",
              "tribo": "tag-tribo"
            },
            "tags_all": {
              "produto": "tag-produto",
              "squad": "tag-squad",
              "tribo": "tag-tribo"
            }
          },
          "sensitive_attributes": [],
          "private": "bnVsbA==",
          "dependencies": [
            "module.front.aws_ecr_repository.registry"
          ]
        }
      ]
    },
    {
      "module": "module.front.module.pipeline",
      "mode": "managed",
      "type": "aws_cloudwatch_event_target",
      "name": "ecr_pipeline_target",
      "provider": "provider[\"registry.terraform.io/hashicorp/aws\"]",
      "instances": [
        {
          "schema_version": 1,
          "attributes": {
            "arn": "arn:aws:codepipeline:us-east-1:509440620700:lab-front-pipeline",
            "batch_target": [],
            "dead_letter_config": [],
            "ecs_target": [],
            "event_bus_name": "default",
            "http_target": [],
            "id": "lab-front-rule-terraform-20210528032923077800000001",
            "input": "",
            "input_path": "",
            "input_transformer": [],
            "kinesis_target": [],
            "retry_policy": [],
            "role_arn": "arn:aws:iam::509440620700:role/events-lab-front-role",
            "rule": "lab-front-rule",
            "run_command_targets": [],
            "sqs_target": [],
            "target_id": "terraform-20210528032923077800000001"
          },
          "sensitive_attributes": [],
          "private": "eyJzY2hlbWFfdmVyc2lvbiI6IjEifQ==",
          "dependencies": [
            "module.front.aws_ecr_repository.registry",
            "module.front.data.aws_caller_identity.current",
            "module.front.module.pipeline.aws_cloudwatch_event_rule.ecr_latest_image",
            "module.front.module.pipeline.aws_codebuild_project.app_build",
            "module.front.module.pipeline.aws_codepipeline.pipeline",
            "module.front.module.pipeline.aws_iam_role.codebuild_role",
            "module.front.module.pipeline.aws_iam_role.codepipeline_role",
            "module.front.module.pipeline.aws_iam_role.events_role",
            "module.front.module.pipeline.aws_s3_bucket.source"
          ]
        }
      ]
    },
    {
      "module": "module.front.module.pipeline",
      "mode": "managed",
      "type": "aws_codebuild_project",
      "name": "app_build",
      "provider": "provider[\"registry.terraform.io/hashicorp/aws\"]",
      "instances": [
        {
          "schema_version": 0,
          "attributes": {
            "arn": "arn:aws:codebuild:us-east-1:509440620700:project/lab-front-codebuild",
            "artifacts": [
              {
                "artifact_identifier": "",
                "encryption_disabled": false,
                "location": "",
                "name": "lab-front-codebuild",
                "namespace_type": "",
                "override_artifact_name": false,
                "packaging": "NONE",
                "path": "",
                "type": "CODEPIPELINE"
              }
            ],
            "badge_enabled": false,
            "badge_url": "",
            "build_batch_config": [],
            "build_timeout": 60,
            "cache": [
              {
                "location": "",
                "modes": [],
                "type": "NO_CACHE"
              }
            ],
            "concurrent_build_limit": 0,
            "description": "",
            "encryption_key": "arn:aws:kms:us-east-1:509440620700:alias/aws/s3",
            "environment": [
              {
                "certificate": "",
                "compute_type": "BUILD_GENERAL1_SMALL",
                "environment_variable": [
                  {
                    "name": "repository_url",
                    "type": "PLAINTEXT",
                    "value": "509440620700.dkr.ecr.us-east-1.amazonaws.com/lab-front"
                  },
                  {
                    "name": "region",
                    "type": "PLAINTEXT",
                    "value": "us-east-1"
                  },
                  {
                    "name": "container_name",
                    "type": "PLAINTEXT",
                    "value": "lab-front"
                  }
                ],
                "image": "aws/codebuild/standard:2.0",
                "image_pull_credentials_type": "CODEBUILD",
                "privileged_mode": true,
                "registry_credential": [],
                "type": "LINUX_CONTAINER"
              }
            ],
            "file_system_locations": [],
            "id": "arn:aws:codebuild:us-east-1:509440620700:project/lab-front-codebuild",
            "logs_config": [
              {
                "cloudwatch_logs": [
                  {
                    "group_name": "",
                    "status": "ENABLED",
                    "stream_name": ""
                  }
                ],
                "s3_logs": [
                  {
                    "encryption_disabled": false,
                    "location": "",
                    "status": "DISABLED"
                  }
                ]
              }
            ],
            "name": "lab-front-codebuild",
            "queued_timeout": 480,
            "secondary_artifacts": [],
            "secondary_sources": [],
            "service_role": "arn:aws:iam::509440620700:role/codebuild-lab-front-role",
            "source": [
              {
                "auth": [],
                "build_status_config": [],
                "buildspec": "",
                "git_clone_depth": 0,
                "git_submodules_config": [],
                "insecure_ssl": false,
                "location": "",
                "report_build_status": false,
                "type": "CODEPIPELINE"
              }
            ],
            "source_version": "",
            "tags": {
              "produto": "tag-produto",
              "squad": "tag-squad",
              "tribo": "tag-tribo"
            },
            "tags_all": {
              "produto": "tag-produto",
              "squad": "tag-squad",
              "tribo": "tag-tribo"
            },
            "vpc_config": []
          },
          "sensitive_attributes": [],
          "private": "bnVsbA==",
          "dependencies": [
            "module.front.aws_ecr_repository.registry",
            "module.front.data.aws_caller_identity.current",
            "module.front.module.pipeline.aws_iam_role.codebuild_role",
            "module.front.module.pipeline.aws_s3_bucket.source"
          ]
        }
      ]
    },
    {
      "module": "module.front.module.pipeline",
      "mode": "managed",
      "type": "aws_codepipeline",
      "name": "pipeline",
      "provider": "provider[\"registry.terraform.io/hashicorp/aws\"]",
      "instances": [
        {
          "schema_version": 0,
          "attributes": {
            "arn": "arn:aws:codepipeline:us-east-1:509440620700:lab-front-pipeline",
            "artifact_store": [
              {
                "encryption_key": [],
                "location": "lab-front-509440620700-pipeline",
                "region": "",
                "type": "S3"
              }
            ],
            "id": "lab-front-pipeline",
            "name": "lab-front-pipeline",
            "role_arn": "arn:aws:iam::509440620700:role/codepipeline-lab-front-role",
            "stage": [
              {
                "action": [
                  {
                    "category": "Source",
                    "configuration": {
                      "BranchName": "master",
                      "RepositoryName": "lab-front"
                    },
                    "input_artifacts": null,
                    "name": "Source",
                    "namespace": "",
                    "output_artifacts": [
                      "source"
                    ],
                    "owner": "AWS",
                    "provider": "CodeCommit",
                    "region": "",
                    "role_arn": "",
                    "run_order": 1,
                    "version": "1"
                  }
                ],
                "name": "Source"
              },
              {
                "action": [
                  {
                    "category": "Build",
                    "configuration": {
                      "ProjectName": "lab-front-codebuild"
                    },
                    "input_artifacts": [
                      "source"
                    ],
                    "name": "Build",
                    "namespace": "",
                    "output_artifacts": [
                      "imagedefinitions"
                    ],
                    "owner": "AWS",
                    "provider": "CodeBuild",
                    "region": "",
                    "role_arn": "",
                    "run_order": 1,
                    "version": "1"
                  }
                ],
                "name": "Build"
              },
              {
                "action": [
                  {
                    "category": "Deploy",
                    "configuration": {
                      "ClusterName": "lab",
                      "FileName": "imagedefinitions.json",
                      "ServiceName": "lab-front-srv"
                    },
                    "input_artifacts": [
                      "imagedefinitions"
                    ],
                    "name": "Deploy",
                    "namespace": "",
                    "output_artifacts": null,
                    "owner": "AWS",
                    "provider": "ECS",
                    "region": "",
                    "role_arn": "",
                    "run_order": 1,
                    "version": "1"
                  }
                ],
                "name": "Production"
              }
            ],
            "tags": {
              "produto": "tag-produto",
              "squad": "tag-squad",
              "tribo": "tag-tribo"
            },
            "tags_all": {
              "produto": "tag-produto",
              "squad": "tag-squad",
              "tribo": "tag-tribo"
            }
          },
          "sensitive_attributes": [],
          "private": "bnVsbA==",
          "dependencies": [
            "module.front.aws_ecr_repository.registry",
            "module.front.data.aws_caller_identity.current",
            "module.front.module.pipeline.aws_codebuild_project.app_build",
            "module.front.module.pipeline.aws_iam_role.codebuild_role",
            "module.front.module.pipeline.aws_iam_role.codepipeline_role",
            "module.front.module.pipeline.aws_s3_bucket.source"
          ]
        }
      ]
    },
    {
      "module": "module.front.module.pipeline",
      "mode": "managed",
      "type": "aws_iam_role",
      "name": "codebuild_role",
      "provider": "provider[\"registry.terraform.io/hashicorp/aws\"]",
      "instances": [
        {
          "schema_version": 0,
          "attributes": {
            "arn": "arn:aws:iam::509440620700:role/codebuild-lab-front-role",
            "assume_role_policy": "{\"Version\":\"2012-10-17\",\"Statement\":[{\"Effect\":\"Allow\",\"Principal\":{\"Service\":\"codebuild.amazonaws.com\"},\"Action\":\"sts:AssumeRole\"}]}",
            "create_date": "2021-05-28T03:27:17Z",
            "description": "",
            "force_detach_policies": false,
            "id": "codebuild-lab-front-role",
            "inline_policy": [
              {
                "name": "",
                "policy": ""
              }
            ],
            "managed_policy_arns": [],
            "max_session_duration": 3600,
            "name": "codebuild-lab-front-role",
            "name_prefix": null,
            "path": "/",
            "permissions_boundary": null,
            "tags": {
              "produto": "tag-produto",
              "squad": "tag-squad",
              "tribo": "tag-tribo"
            },
            "tags_all": {
              "produto": "tag-produto",
              "squad": "tag-squad",
              "tribo": "tag-tribo"
            },
            "unique_id": "AROAXNHIG7COEDCITRW5M"
          },
          "sensitive_attributes": [],
          "private": "bnVsbA=="
        }
      ]
    },
    {
      "module": "module.front.module.pipeline",
      "mode": "managed",
      "type": "aws_iam_role",
      "name": "codedeploy_role",
      "provider": "provider[\"registry.terraform.io/hashicorp/aws\"]",
      "instances": [
        {
          "schema_version": 0,
          "attributes": {
            "arn": "arn:aws:iam::509440620700:role/codedeploy-lab-front-role",
            "assume_role_policy": "{\"Version\":\"2012-10-17\",\"Statement\":[{\"Sid\":\"\",\"Effect\":\"Allow\",\"Principal\":{\"Service\":\"codedeploy.amazonaws.com\"},\"Action\":\"sts:AssumeRole\"}]}",
            "create_date": "2021-05-28T03:26:54Z",
            "description": "",
            "force_detach_policies": false,
            "id": "codedeploy-lab-front-role",
            "inline_policy": [
              {
                "name": "",
                "policy": ""
              }
            ],
            "managed_policy_arns": [],
            "max_session_duration": 3600,
            "name": "codedeploy-lab-front-role",
            "name_prefix": null,
            "path": "/",
            "permissions_boundary": null,
            "tags": {
              "produto": "tag-produto",
              "squad": "tag-squad",
              "tribo": "tag-tribo"
            },
            "tags_all": {
              "produto": "tag-produto",
              "squad": "tag-squad",
              "tribo": "tag-tribo"
            },
            "unique_id": "AROAXNHIG7COD6A236VOQ"
          },
          "sensitive_attributes": [],
          "private": "bnVsbA=="
        }
      ]
    },
    {
      "module": "module.front.module.pipeline",
      "mode": "managed",
      "type": "aws_iam_role",
      "name": "codepipeline_role",
      "provider": "provider[\"registry.terraform.io/hashicorp/aws\"]",
      "instances": [
        {
          "schema_version": 0,
          "attributes": {
            "arn": "arn:aws:iam::509440620700:role/codepipeline-lab-front-role",
            "assume_role_policy": "{\"Version\":\"2012-10-17\",\"Statement\":[{\"Effect\":\"Allow\",\"Principal\":{\"Service\":\"codepipeline.amazonaws.com\"},\"Action\":\"sts:AssumeRole\"}]}",
            "create_date": "2021-05-28T03:27:11Z",
            "description": "",
            "force_detach_policies": false,
            "id": "codepipeline-lab-front-role",
            "inline_policy": [
              {
                "name": "",
                "policy": ""
              }
            ],
            "managed_policy_arns": [],
            "max_session_duration": 3600,
            "name": "codepipeline-lab-front-role",
            "name_prefix": null,
            "path": "/",
            "permissions_boundary": null,
            "tags": {
              "produto": "tag-produto",
              "squad": "tag-squad",
              "tribo": "tag-tribo"
            },
            "tags_all": {
              "produto": "tag-produto",
              "squad": "tag-squad",
              "tribo": "tag-tribo"
            },
            "unique_id": "AROAXNHIG7COH2DBLBKZH"
          },
          "sensitive_attributes": [],
          "private": "bnVsbA=="
        }
      ]
    },
    {
      "module": "module.front.module.pipeline",
      "mode": "managed",
      "type": "aws_iam_role",
      "name": "events_role",
      "provider": "provider[\"registry.terraform.io/hashicorp/aws\"]",
      "instances": [
        {
          "schema_version": 0,
          "attributes": {
            "arn": "arn:aws:iam::509440620700:role/events-lab-front-role",
            "assume_role_policy": "{\"Version\":\"2012-10-17\",\"Statement\":[{\"Effect\":\"Allow\",\"Principal\":{\"Service\":\"events.amazonaws.com\"},\"Action\":\"sts:AssumeRole\"}]}",
            "create_date": "2021-05-28T03:27:17Z",
            "description": "",
            "force_detach_policies": false,
            "id": "events-lab-front-role",
            "inline_policy": [
              {
                "name": "",
                "policy": ""
              }
            ],
            "managed_policy_arns": [],
            "max_session_duration": 3600,
            "name": "events-lab-front-role",
            "name_prefix": null,
            "path": "/",
            "permissions_boundary": null,
            "tags": {
              "produto": "tag-produto",
              "squad": "tag-squad",
              "tribo": "tag-tribo"
            },
            "tags_all": {
              "produto": "tag-produto",
              "squad": "tag-squad",
              "tribo": "tag-tribo"
            },
            "unique_id": "AROAXNHIG7COMXEPZ5HPQ"
          },
          "sensitive_attributes": [],
          "private": "bnVsbA=="
        }
      ]
    },
    {
      "module": "module.front.module.pipeline",
      "mode": "managed",
      "type": "aws_iam_role_policy",
      "name": "codebuild_policy",
      "provider": "provider[\"registry.terraform.io/hashicorp/aws\"]",
      "instances": [
        {
          "schema_version": 0,
          "attributes": {
            "id": "codebuild-lab-front-role:codebuild-lab-front-policy",
            "name": "codebuild-lab-front-policy",
            "name_prefix": null,
            "policy": "{\r\n    \"Version\": \"2012-10-17\",\r\n    \"Statement\": [\r\n      {\r\n        \"Effect\": \"Allow\",\r\n        \"Resource\": [\r\n          \"*\"\r\n        ],\r\n        \"Action\": [\r\n          \"logs:CreateLogGroup\",\r\n          \"logs:CreateLogStream\",\r\n          \"logs:PutLogEvents\",\r\n          \"ecr:GetAuthorizationToken\",\r\n          \"ecr:InitiateLayerUpload\",\r\n          \"ecr:UploadLayerPart\",\r\n          \"ecr:CompleteLayerUpload\",\r\n          \"ecr:BatchCheckLayerAvailability\",\r\n          \"ecr:PutImage\",\r\n          \"ecs:RunTask\",\r\n          \"iam:PassRole\"\r\n        ]\r\n      },\r\n      {\r\n        \"Effect\":\"Allow\",\r\n        \"Action\": [\r\n          \"s3:GetObject\",\r\n          \"s3:GetObjectVersion\",\r\n          \"s3:GetBucketVersioning\",\r\n          \"s3:List*\",\r\n          \"s3:PutObject\"\r\n        ],\r\n        \"Resource\": [\r\n          \"arn:aws:s3:::lab-front-509440620700-pipeline\",\r\n          \"arn:aws:s3:::lab-front-509440620700-pipeline/*\"\r\n        ]\r\n      }\r\n    ]\r\n  }",
            "role": "codebuild-lab-front-role"
          },
          "sensitive_attributes": [],
          "private": "bnVsbA==",
          "dependencies": [
            "module.front.data.aws_caller_identity.current",
            "module.front.module.pipeline.aws_iam_role.codebuild_role",
            "module.front.module.pipeline.aws_s3_bucket.source",
            "module.front.module.pipeline.data.template_file.codebuild_policy"
          ]
        }
      ]
    },
    {
      "module": "module.front.module.pipeline",
      "mode": "managed",
      "type": "aws_iam_role_policy",
      "name": "codedeploy_policy",
      "provider": "provider[\"registry.terraform.io/hashicorp/aws\"]",
      "instances": [
        {
          "schema_version": 0,
          "attributes": {
            "id": "codedeploy-lab-front-role:codedeploy-lab-front-policy",
            "name": "codedeploy-lab-front-policy",
            "name_prefix": null,
            "policy": "{\r\n    \"Version\": \"2012-10-17\",\r\n    \"Statement\": [\r\n        {\r\n            \"Action\": [\r\n                \"ecs:DescribeServices\",\r\n                \"ecs:CreateTaskSet\",\r\n                \"ecs:UpdateServicePrimaryTaskSet\",\r\n                \"ecs:DeleteTaskSet\",\r\n                \"cloudwatch:DescribeAlarms\"\r\n            ],\r\n            \"Resource\": \"*\",\r\n            \"Effect\": \"Allow\"\r\n        },\r\n        {\r\n            \"Action\": [\r\n                \"sns:Publish\"\r\n            ],\r\n            \"Resource\": \"arn:aws:sns:*:*:CodeDeployTopic_*\",\r\n            \"Effect\": \"Allow\"\r\n        },\r\n        {\r\n            \"Action\": [\r\n                \"elasticloadbalancing:DescribeTargetGroups\",\r\n                \"elasticloadbalancing:DescribeListeners\",\r\n                \"elasticloadbalancing:ModifyListener\",\r\n                \"elasticloadbalancing:DescribeRules\",\r\n                \"elasticloadbalancing:ModifyRule\"\r\n            ],\r\n            \"Resource\": \"*\",\r\n            \"Effect\": \"Allow\"\r\n        },\r\n        {\r\n            \"Action\": [\r\n                \"lambda:InvokeFunction\"\r\n            ],\r\n            \"Resource\": \"arn:aws:lambda:*:*:function:CodeDeployHook_*\",\r\n            \"Effect\": \"Allow\"\r\n        },\r\n        {\r\n            \"Action\": [\r\n                \"s3:GetObject\",\r\n                \"s3:GetObjectMetadata\",\r\n                \"s3:GetObjectVersion\"\r\n            ],\r\n            \"Resource\": \"*\",\r\n            \"Condition\": {\r\n                \"StringEquals\": {\r\n                    \"s3:ExistingObjectTag/UseWithCodeDeploy\": \"true\"\r\n                }\r\n            },\r\n            \"Effect\": \"Allow\"\r\n        }\r\n    ]\r\n}",
            "role": "codedeploy-lab-front-role"
          },
          "sensitive_attributes": [],
          "private": "bnVsbA==",
          "dependencies": [
            "module.front.module.pipeline.aws_iam_role.codedeploy_role",
            "module.front.module.pipeline.data.template_file.codedeploy_policy"
          ]
        }
      ]
    },
    {
      "module": "module.front.module.pipeline",
      "mode": "managed",
      "type": "aws_iam_role_policy",
      "name": "codepipeline_policy",
      "provider": "provider[\"registry.terraform.io/hashicorp/aws\"]",
      "instances": [
        {
          "schema_version": 0,
          "attributes": {
            "id": "codepipeline-lab-front-role:codepipeline-lab-front-policy",
            "name": "codepipeline-lab-front-policy",
            "name_prefix": null,
            "policy": "{\r\n    \"Version\": \"2012-10-17\",\r\n    \"Statement\": [\r\n      {\r\n        \"Effect\":\"Allow\",\r\n        \"Action\": [\r\n          \"s3:GetObject\",\r\n          \"s3:GetObjectVersion\",\r\n          \"s3:GetBucketVersioning\",\r\n          \"s3:List*\",\r\n          \"s3:PutObject\"\r\n        ],\r\n        \"Resource\": [\r\n          \"arn:aws:s3:::lab-front-509440620700-pipeline\",\r\n          \"arn:aws:s3:::lab-front-509440620700-pipeline/*\"\r\n        ]\r\n      },\r\n      {\r\n        \"Effect\": \"Allow\",\r\n        \"Action\": [\r\n          \"codebuild:BatchGetBuilds\",\r\n          \"codebuild:StartBuild\"\r\n        ],\r\n        \"Resource\": \"*\"\r\n      },\r\n      {\r\n        \"Effect\": \"Allow\",\r\n        \"Action\": [\r\n          \"codecommit:GetBranch\",\r\n          \"codecommit:GetCommit\",\r\n          \"codecommit:UploadArchive\",\r\n          \"codecommit:GetUploadArchiveStatus\",\r\n          \"codecommit:CancelUploadArchive\"\r\n        ],\r\n        \"Resource\": \"*\"\r\n      },\r\n      {\r\n        \"Action\": [\r\n          \"ecs:*\",\r\n          \"ecr:DescribeImages\",\r\n          \"events:DescribeRule\",\r\n          \"events:DeleteRule\",\r\n          \"events:ListRuleNamesByTarget\",\r\n          \"events:ListTargetsByRule\",\r\n          \"events:PutRule\",\r\n          \"events:PutTargets\",\r\n          \"events:RemoveTargets\",\r\n          \"iam:ListAttachedRolePolicies\",\r\n          \"iam:ListInstanceProfiles\",\r\n          \"iam:ListRoles\",\r\n          \"logs:CreateLogGroup\",\r\n          \"logs:DescribeLogGroups\",\r\n          \"logs:FilterLogEvents\"\r\n        ],\r\n        \"Resource\": \"*\",\r\n        \"Effect\": \"Allow\"\r\n      },\r\n      {\r\n        \"Action\": \"iam:PassRole\",\r\n        \"Effect\": \"Allow\",\r\n        \"Resource\": [\r\n          \"*\"\r\n        ],\r\n        \"Condition\": {\r\n          \"StringLike\": {\r\n            \"iam:PassedToService\": \"ecs-tasks.amazonaws.com\"\r\n          }\r\n        }\r\n      },\r\n      {\r\n        \"Action\": \"iam:PassRole\",\r\n        \"Effect\": \"Allow\",\r\n        \"Resource\": [\r\n          \"arn:aws:iam::*:role/ecsInstanceRole*\"\r\n        ],\r\n        \"Condition\": {\r\n          \"StringLike\": {\r\n            \"iam:PassedToService\": [\r\n              \"ec2.amazonaws.com\",\r\n              \"ec2.amazonaws.com.cn\"\r\n            ]\r\n          }\r\n        }\r\n      },\r\n      {\r\n        \"Action\": \"iam:PassRole\",\r\n        \"Effect\": \"Allow\",\r\n        \"Resource\": [\r\n          \"arn:aws:iam::*:role/ecsAutoscaleRole*\"\r\n        ],\r\n        \"Condition\": {\r\n          \"StringLike\": {\r\n            \"iam:PassedToService\": [\r\n              \"application-autoscaling.amazonaws.com\",\r\n              \"application-autoscaling.amazonaws.com.cn\"\r\n            ]\r\n          }\r\n        }\r\n      },\r\n      {\r\n        \"Effect\": \"Allow\",\r\n        \"Action\": \"iam:CreateServiceLinkedRole\",\r\n        \"Resource\": \"*\",\r\n        \"Condition\": {\r\n          \"StringLike\": {\r\n            \"iam:AWSServiceName\": [\r\n              \"ecs.amazonaws.com\",\r\n              \"spot.amazonaws.com\",\r\n              \"spotfleet.amazonaws.com\"\r\n            ]\r\n          }\r\n        }\r\n      }\r\n    ]\r\n  }",
            "role": "codepipeline-lab-front-role"
          },
          "sensitive_attributes": [],
          "private": "bnVsbA==",
          "dependencies": [
            "module.front.data.aws_caller_identity.current",
            "module.front.module.pipeline.aws_iam_role.codepipeline_role",
            "module.front.module.pipeline.aws_s3_bucket.source",
            "module.front.module.pipeline.data.template_file.codepipeline_policy"
          ]
        }
      ]
    },
    {
      "module": "module.front.module.pipeline",
      "mode": "managed",
      "type": "aws_iam_role_policy",
      "name": "events_policy",
      "provider": "provider[\"registry.terraform.io/hashicorp/aws\"]",
      "instances": [
        {
          "schema_version": 0,
          "attributes": {
            "id": "events-lab-front-role:events-lab-front-policy",
            "name": "events-lab-front-policy",
            "name_prefix": null,
            "policy": "{\r\n    \"Version\": \"2012-10-17\",\r\n    \"Statement\": [\r\n        {\r\n            \"Effect\": \"Allow\",\r\n            \"Action\": [\r\n                \"codepipeline:StartPipelineExecution\"\r\n            ],\r\n            \"Resource\": [\r\n                \"arn:aws:codepipeline:us-east-1:509440620700:lab-front-pipeline\"\r\n            ]\r\n        }\r\n    ]\r\n}",
            "role": "events-lab-front-role"
          },
          "sensitive_attributes": [],
          "private": "bnVsbA==",
          "dependencies": [
            "module.front.aws_ecr_repository.registry",
            "module.front.data.aws_caller_identity.current",
            "module.front.module.pipeline.aws_codebuild_project.app_build",
            "module.front.module.pipeline.aws_codepipeline.pipeline",
            "module.front.module.pipeline.aws_iam_role.codebuild_role",
            "module.front.module.pipeline.aws_iam_role.codepipeline_role",
            "module.front.module.pipeline.aws_iam_role.events_role",
            "module.front.module.pipeline.aws_s3_bucket.source",
            "module.front.module.pipeline.data.template_file.events_policy"
          ]
        }
      ]
    },
    {
      "module": "module.front.module.pipeline",
      "mode": "managed",
      "type": "aws_s3_bucket",
      "name": "source",
      "provider": "provider[\"registry.terraform.io/hashicorp/aws\"]",
      "instances": [
        {
          "schema_version": 0,
          "attributes": {
            "acceleration_status": "",
            "acl": "private",
            "arn": "arn:aws:s3:::lab-front-509440620700-pipeline",
            "bucket": "lab-front-509440620700-pipeline",
            "bucket_domain_name": "lab-front-509440620700-pipeline.s3.amazonaws.com",
            "bucket_prefix": null,
            "bucket_regional_domain_name": "lab-front-509440620700-pipeline.s3.amazonaws.com",
            "cors_rule": [],
            "force_destroy": true,
            "grant": [],
            "hosted_zone_id": "Z3AQBSTGFYJSTF",
            "id": "lab-front-509440620700-pipeline",
            "lifecycle_rule": [],
            "logging": [],
            "object_lock_configuration": [],
            "policy": null,
            "region": "us-east-1",
            "replication_configuration": [],
            "request_payer": "BucketOwner",
            "server_side_encryption_configuration": [],
            "tags": {
              "produto": "tag-produto",
              "squad": "tag-squad",
              "tribo": "tag-tribo"
            },
            "tags_all": {
              "produto": "tag-produto",
              "squad": "tag-squad",
              "tribo": "tag-tribo"
            },
            "versioning": [
              {
                "enabled": false,
                "mfa_delete": false
              }
            ],
            "website": [],
            "website_domain": null,
            "website_endpoint": null
          },
          "sensitive_attributes": [],
          "private": "bnVsbA==",
          "dependencies": [
            "module.front.data.aws_caller_identity.current"
          ]
        }
      ]
    },
    {
      "module": "module.pedido",
      "mode": "data",
      "type": "aws_caller_identity",
      "name": "current",
      "provider": "provider[\"registry.terraform.io/hashicorp/aws\"]",
      "instances": [
        {
          "schema_version": 0,
          "attributes": {
            "account_id": "509440620700",
            "arn": "arn:aws:iam::509440620700:user/iac-jonas",
            "id": "509440620700",
            "user_id": "AIDAXNHIG7COEROLYYGSE"
          },
          "sensitive_attributes": []
        }
      ]
    },
    {
      "module": "module.pedido",
      "mode": "managed",
      "type": "aws_alb_target_group",
      "name": "tg",
      "provider": "provider[\"registry.terraform.io/hashicorp/aws\"]",
      "instances": [
        {
          "schema_version": 0,
          "attributes": {
            "arn": "arn:aws:elasticloadbalancing:us-east-1:509440620700:targetgroup/lab-pedido/2d53f680b9301501",
            "arn_suffix": "targetgroup/lab-pedido/2d53f680b9301501",
            "deregistration_delay": 300,
            "health_check": [
              {
                "enabled": true,
                "healthy_threshold": 3,
                "interval": 30,
                "matcher": "200",
                "path": "/check",
                "port": "80",
                "protocol": "HTTP",
                "timeout": 10,
                "unhealthy_threshold": 3
              }
            ],
            "id": "arn:aws:elasticloadbalancing:us-east-1:509440620700:targetgroup/lab-pedido/2d53f680b9301501",
            "lambda_multi_value_headers_enabled": false,
            "load_balancing_algorithm_type": "round_robin",
            "name": "lab-pedido",
            "name_prefix": null,
            "port": 80,
            "preserve_client_ip": null,
            "protocol": "HTTP",
            "protocol_version": "HTTP1",
            "proxy_protocol_v2": false,
            "slow_start": 0,
            "stickiness": [
              {
                "cookie_duration": 86400,
                "enabled": false,
                "type": "lb_cookie"
              }
            ],
            "tags": null,
            "tags_all": {},
            "target_type": "ip",
            "vpc_id": "vpc-064b45b3ebae5edb3"
          },
          "sensitive_attributes": [],
          "private": "bnVsbA==",
          "dependencies": [
            "module.cluster.aws_alb.cluster_alb",
            "module.cluster.aws_security_group.alb_sg",
            "module.vpc.module.vpc.aws_subnet.public",
            "module.vpc.module.vpc.aws_vpc.this",
            "module.vpc.module.vpc.aws_vpc_ipv4_cidr_block_association.this"
          ],
          "create_before_destroy": true
        }
      ]
    },
    {
      "module": "module.pedido",
      "mode": "managed",
      "type": "aws_appautoscaling_policy",
      "name": "app_down",
      "provider": "provider[\"registry.terraform.io/hashicorp/aws\"]",
      "instances": [
        {
          "schema_version": 0,
          "attributes": {
            "arn": "arn:aws:autoscaling:us-east-1:509440620700:scalingPolicy:d4d61b85-1ade-48b8-b840-81c65a5498b3:resource/ecs/service/lab/lab-pedido-srv:policyName/lab-pedido-srv-cpu-scale-down",
            "id": "lab-pedido-srv-cpu-scale-down",
            "name": "lab-pedido-srv-cpu-scale-down",
            "policy_type": "StepScaling",
            "resource_id": "service/lab/lab-pedido-srv",
            "scalable_dimension": "ecs:service:DesiredCount",
            "service_namespace": "ecs",
            "step_scaling_policy_configuration": [
              {
                "adjustment_type": "ChangeInCapacity",
                "cooldown": 60,
                "metric_aggregation_type": "Average",
                "min_adjustment_magnitude": 0,
                "step_adjustment": [
                  {
                    "metric_interval_lower_bound": "",
                    "metric_interval_upper_bound": "0",
                    "scaling_adjustment": -1
                  }
                ]
              }
            ],
            "target_tracking_scaling_policy_configuration": []
          },
          "sensitive_attributes": [],
          "private": "bnVsbA==",
          "dependencies": [
            "module.cluster.aws_alb.cluster_alb",
            "module.cluster.aws_ecs_cluster.cluster",
            "module.cluster.aws_security_group.alb_sg",
            "module.pedido.aws_alb_target_group.tg",
            "module.pedido.aws_appautoscaling_target.app_scale_target",
            "module.pedido.aws_cloudwatch_log_group.logs",
            "module.pedido.aws_ecr_repository.registry",
            "module.pedido.aws_ecs_service.service",
            "module.pedido.aws_ecs_task_definition.task",
            "module.pedido.aws_iam_role.ecs_execution_role",
            "module.pedido.aws_security_group.service_sg",
            "module.vpc.module.vpc.aws_subnet.private",
            "module.vpc.module.vpc.aws_subnet.public",
            "module.vpc.module.vpc.aws_vpc.this",
            "module.vpc.module.vpc.aws_vpc_ipv4_cidr_block_association.this"
          ]
        }
      ]
    },
    {
      "module": "module.pedido",
      "mode": "managed",
      "type": "aws_appautoscaling_policy",
      "name": "app_up",
      "provider": "provider[\"registry.terraform.io/hashicorp/aws\"]",
      "instances": [
        {
          "schema_version": 0,
          "attributes": {
            "arn": "arn:aws:autoscaling:us-east-1:509440620700:scalingPolicy:d4d61b85-1ade-48b8-b840-81c65a5498b3:resource/ecs/service/lab/lab-pedido-srv:policyName/lab-pedido-srv-cpu-scale-up",
            "id": "lab-pedido-srv-cpu-scale-up",
            "name": "lab-pedido-srv-cpu-scale-up",
            "policy_type": "StepScaling",
            "resource_id": "service/lab/lab-pedido-srv",
            "scalable_dimension": "ecs:service:DesiredCount",
            "service_namespace": "ecs",
            "step_scaling_policy_configuration": [
              {
                "adjustment_type": "ChangeInCapacity",
                "cooldown": 60,
                "metric_aggregation_type": "Average",
                "min_adjustment_magnitude": 0,
                "step_adjustment": [
                  {
                    "metric_interval_lower_bound": "0",
                    "metric_interval_upper_bound": "",
                    "scaling_adjustment": 1
                  }
                ]
              }
            ],
            "target_tracking_scaling_policy_configuration": []
          },
          "sensitive_attributes": [],
          "private": "bnVsbA==",
          "dependencies": [
            "module.cluster.aws_alb.cluster_alb",
            "module.cluster.aws_ecs_cluster.cluster",
            "module.cluster.aws_security_group.alb_sg",
            "module.pedido.aws_alb_target_group.tg",
            "module.pedido.aws_appautoscaling_target.app_scale_target",
            "module.pedido.aws_cloudwatch_log_group.logs",
            "module.pedido.aws_ecr_repository.registry",
            "module.pedido.aws_ecs_service.service",
            "module.pedido.aws_ecs_task_definition.task",
            "module.pedido.aws_iam_role.ecs_execution_role",
            "module.pedido.aws_security_group.service_sg",
            "module.vpc.module.vpc.aws_subnet.private",
            "module.vpc.module.vpc.aws_subnet.public",
            "module.vpc.module.vpc.aws_vpc.this",
            "module.vpc.module.vpc.aws_vpc_ipv4_cidr_block_association.this"
          ]
        }
      ]
    },
    {
      "module": "module.pedido",
      "mode": "managed",
      "type": "aws_appautoscaling_target",
      "name": "app_scale_target",
      "provider": "provider[\"registry.terraform.io/hashicorp/aws\"]",
      "instances": [
        {
          "schema_version": 0,
          "attributes": {
            "id": "service/lab/lab-pedido-srv",
            "max_capacity": 10,
            "min_capacity": 2,
            "resource_id": "service/lab/lab-pedido-srv",
            "role_arn": "arn:aws:iam::509440620700:role/aws-service-role/ecs.application-autoscaling.amazonaws.com/AWSServiceRoleForApplicationAutoScaling_ECSService",
            "scalable_dimension": "ecs:service:DesiredCount",
            "service_namespace": "ecs"
          },
          "sensitive_attributes": [],
          "private": "bnVsbA==",
          "dependencies": [
            "module.cluster.aws_alb.cluster_alb",
            "module.cluster.aws_ecs_cluster.cluster",
            "module.cluster.aws_security_group.alb_sg",
            "module.pedido.aws_alb_target_group.tg",
            "module.pedido.aws_cloudwatch_log_group.logs",
            "module.pedido.aws_ecr_repository.registry",
            "module.pedido.aws_ecs_service.service",
            "module.pedido.aws_ecs_task_definition.task",
            "module.pedido.aws_iam_role.ecs_execution_role",
            "module.pedido.aws_security_group.service_sg",
            "module.vpc.module.vpc.aws_subnet.private",
            "module.vpc.module.vpc.aws_subnet.public",
            "module.vpc.module.vpc.aws_vpc.this",
            "module.vpc.module.vpc.aws_vpc_ipv4_cidr_block_association.this"
          ]
        }
      ]
    },
    {
      "module": "module.pedido",
      "mode": "managed",
      "type": "aws_cloudwatch_log_group",
      "name": "logs",
      "provider": "provider[\"registry.terraform.io/hashicorp/aws\"]",
      "instances": [
        {
          "schema_version": 0,
          "attributes": {
            "arn": "arn:aws:logs:us-east-1:509440620700:log-group:lab-pedido",
            "id": "lab-pedido",
            "kms_key_id": "",
            "name": "lab-pedido",
            "name_prefix": null,
            "retention_in_days": 0,
            "tags": {
              "produto": "tag-produto",
              "squad": "tag-squad",
              "tribo": "tag-tribo"
            },
            "tags_all": {
              "produto": "tag-produto",
              "squad": "tag-squad",
              "tribo": "tag-tribo"
            }
          },
          "sensitive_attributes": [],
          "private": "bnVsbA=="
        }
      ]
    },
    {
      "module": "module.pedido",
      "mode": "managed",
      "type": "aws_cloudwatch_metric_alarm",
      "name": "cpu_utilization_high",
      "provider": "provider[\"registry.terraform.io/hashicorp/aws\"]",
      "instances": [
        {
          "schema_version": 1,
          "attributes": {
            "actions_enabled": true,
            "alarm_actions": [
              "arn:aws:autoscaling:us-east-1:509440620700:scalingPolicy:d4d61b85-1ade-48b8-b840-81c65a5498b3:resource/ecs/service/lab/lab-pedido-srv:policyName/lab-pedido-srv-cpu-scale-up"
            ],
            "alarm_description": "",
            "alarm_name": "lab-pedido-srv-cpu-high",
            "arn": "arn:aws:cloudwatch:us-east-1:509440620700:alarm:lab-pedido-srv-cpu-high",
            "comparison_operator": "GreaterThanOrEqualToThreshold",
            "datapoints_to_alarm": 0,
            "dimensions": {
              "ClusterName": "lab",
              "ServiceName": "pedido"
            },
            "evaluate_low_sample_count_percentiles": "",
            "evaluation_periods": 1,
            "extended_statistic": "",
            "id": "lab-pedido-srv-cpu-high",
            "insufficient_data_actions": null,
            "metric_name": "CPUUtilization",
            "metric_query": [],
            "namespace": "AWS/ECS",
            "ok_actions": null,
            "period": 60,
            "statistic": "Average",
            "tags": {
              "produto": "tag-produto",
              "squad": "tag-squad",
              "tribo": "tag-tribo"
            },
            "tags_all": {
              "produto": "tag-produto",
              "squad": "tag-squad",
              "tribo": "tag-tribo"
            },
            "threshold": 80,
            "threshold_metric_id": "",
            "treat_missing_data": "missing",
            "unit": ""
          },
          "sensitive_attributes": [],
          "private": "eyJzY2hlbWFfdmVyc2lvbiI6IjEifQ==",
          "dependencies": [
            "module.cluster.aws_alb.cluster_alb",
            "module.cluster.aws_ecs_cluster.cluster",
            "module.cluster.aws_security_group.alb_sg",
            "module.pedido.aws_alb_target_group.tg",
            "module.pedido.aws_appautoscaling_policy.app_up",
            "module.pedido.aws_appautoscaling_target.app_scale_target",
            "module.pedido.aws_cloudwatch_log_group.logs",
            "module.pedido.aws_ecr_repository.registry",
            "module.pedido.aws_ecs_service.service",
            "module.pedido.aws_ecs_task_definition.task",
            "module.pedido.aws_iam_role.ecs_execution_role",
            "module.pedido.aws_security_group.service_sg",
            "module.vpc.module.vpc.aws_subnet.private",
            "module.vpc.module.vpc.aws_subnet.public",
            "module.vpc.module.vpc.aws_vpc.this",
            "module.vpc.module.vpc.aws_vpc_ipv4_cidr_block_association.this"
          ]
        }
      ]
    },
    {
      "module": "module.pedido",
      "mode": "managed",
      "type": "aws_cloudwatch_metric_alarm",
      "name": "cpu_utilization_low",
      "provider": "provider[\"registry.terraform.io/hashicorp/aws\"]",
      "instances": [
        {
          "schema_version": 1,
          "attributes": {
            "actions_enabled": true,
            "alarm_actions": [
              "arn:aws:autoscaling:us-east-1:509440620700:scalingPolicy:d4d61b85-1ade-48b8-b840-81c65a5498b3:resource/ecs/service/lab/lab-pedido-srv:policyName/lab-pedido-srv-cpu-scale-down"
            ],
            "alarm_description": "",
            "alarm_name": "lab-pedido-srv-cpu-low",
            "arn": "arn:aws:cloudwatch:us-east-1:509440620700:alarm:lab-pedido-srv-cpu-low",
            "comparison_operator": "LessThanThreshold",
            "datapoints_to_alarm": 0,
            "dimensions": {
              "ClusterName": "lab",
              "ServiceName": "pedido"
            },
            "evaluate_low_sample_count_percentiles": "",
            "evaluation_periods": 1,
            "extended_statistic": "",
            "id": "lab-pedido-srv-cpu-low",
            "insufficient_data_actions": null,
            "metric_name": "CPUUtilization",
            "metric_query": [],
            "namespace": "AWS/ECS",
            "ok_actions": null,
            "period": 60,
            "statistic": "Average",
            "tags": {
              "produto": "tag-produto",
              "squad": "tag-squad",
              "tribo": "tag-tribo"
            },
            "tags_all": {
              "produto": "tag-produto",
              "squad": "tag-squad",
              "tribo": "tag-tribo"
            },
            "threshold": 50,
            "threshold_metric_id": "",
            "treat_missing_data": "missing",
            "unit": ""
          },
          "sensitive_attributes": [],
          "private": "eyJzY2hlbWFfdmVyc2lvbiI6IjEifQ==",
          "dependencies": [
            "module.cluster.aws_alb.cluster_alb",
            "module.cluster.aws_ecs_cluster.cluster",
            "module.cluster.aws_security_group.alb_sg",
            "module.pedido.aws_alb_target_group.tg",
            "module.pedido.aws_appautoscaling_policy.app_down",
            "module.pedido.aws_appautoscaling_target.app_scale_target",
            "module.pedido.aws_cloudwatch_log_group.logs",
            "module.pedido.aws_ecr_repository.registry",
            "module.pedido.aws_ecs_service.service",
            "module.pedido.aws_ecs_task_definition.task",
            "module.pedido.aws_iam_role.ecs_execution_role",
            "module.pedido.aws_security_group.service_sg",
            "module.vpc.module.vpc.aws_subnet.private",
            "module.vpc.module.vpc.aws_subnet.public",
            "module.vpc.module.vpc.aws_vpc.this",
            "module.vpc.module.vpc.aws_vpc_ipv4_cidr_block_association.this"
          ]
        }
      ]
    },
    {
      "module": "module.pedido",
      "mode": "managed",
      "type": "aws_ecr_repository",
      "name": "registry",
      "provider": "provider[\"registry.terraform.io/hashicorp/aws\"]",
      "instances": [
        {
          "schema_version": 0,
          "attributes": {
            "arn": "arn:aws:ecr:us-east-1:509440620700:repository/lab-pedido",
            "encryption_configuration": [
              {
                "encryption_type": "AES256",
                "kms_key": ""
              }
            ],
            "id": "lab-pedido",
            "image_scanning_configuration": [
              {
                "scan_on_push": false
              }
            ],
            "image_tag_mutability": "MUTABLE",
            "name": "lab-pedido",
            "registry_id": "509440620700",
            "repository_url": "509440620700.dkr.ecr.us-east-1.amazonaws.com/lab-pedido",
            "tags": {
              "produto": "tag-produto",
              "squad": "tag-squad",
              "tribo": "tag-tribo"
            },
            "tags_all": {
              "produto": "tag-produto",
              "squad": "tag-squad",
              "tribo": "tag-tribo"
            },
            "timeouts": null
          },
          "sensitive_attributes": [],
          "private": "eyJlMmJmYjczMC1lY2FhLTExZTYtOGY4OC0zNDM2M2JjN2M0YzAiOnsiZGVsZXRlIjoxMjAwMDAwMDAwMDAwfX0="
        }
      ]
    },
    {
      "module": "module.pedido",
      "mode": "managed",
      "type": "aws_ecs_service",
      "name": "service",
      "provider": "provider[\"registry.terraform.io/hashicorp/aws\"]",
      "instances": [
        {
          "schema_version": 0,
          "attributes": {
            "capacity_provider_strategy": [],
            "cluster": "arn:aws:ecs:us-east-1:509440620700:cluster/lab",
            "deployment_circuit_breaker": [
              {
                "enable": false,
                "rollback": false
              }
            ],
            "deployment_controller": [
              {
                "type": "ECS"
              }
            ],
            "deployment_maximum_percent": 200,
            "deployment_minimum_healthy_percent": 100,
            "desired_count": 2,
            "enable_ecs_managed_tags": false,
            "enable_execute_command": false,
            "force_new_deployment": null,
            "health_check_grace_period_seconds": 0,
            "iam_role": "aws-service-role",
            "id": "arn:aws:ecs:us-east-1:509440620700:service/lab/lab-pedido-srv",
            "launch_type": "FARGATE",
            "load_balancer": [
              {
                "container_name": "lab-pedido",
                "container_port": 80,
                "elb_name": "",
                "target_group_arn": "arn:aws:elasticloadbalancing:us-east-1:509440620700:targetgroup/lab-pedido/2d53f680b9301501"
              }
            ],
            "name": "lab-pedido-srv",
            "network_configuration": [
              {
                "assign_public_ip": false,
                "security_groups": [
                  "sg-099faafd7d5b989a4"
                ],
                "subnets": [
                  "subnet-01b40ad5641f79ce6",
                  "subnet-0e243a57958c4aa36"
                ]
              }
            ],
            "ordered_placement_strategy": [],
            "placement_constraints": [],
            "platform_version": "1.3.0",
            "propagate_tags": "NONE",
            "scheduling_strategy": "REPLICA",
            "service_registries": [],
            "tags": null,
            "tags_all": {},
            "task_definition": "arn:aws:ecs:us-east-1:509440620700:task-definition/lab-pedido:6",
            "timeouts": null,
            "wait_for_steady_state": false
          },
          "sensitive_attributes": [],
          "private": "eyJlMmJmYjczMC1lY2FhLTExZTYtOGY4OC0zNDM2M2JjN2M0YzAiOnsiZGVsZXRlIjoxMjAwMDAwMDAwMDAwfX0=",
          "dependencies": [
            "module.cluster.aws_alb.cluster_alb",
            "module.cluster.aws_ecs_cluster.cluster",
            "module.cluster.aws_security_group.alb_sg",
            "module.pedido.aws_alb_target_group.tg",
            "module.pedido.aws_cloudwatch_log_group.logs",
            "module.pedido.aws_ecr_repository.registry",
            "module.pedido.aws_ecs_task_definition.task",
            "module.pedido.aws_iam_role.ecs_execution_role",
            "module.pedido.aws_security_group.service_sg",
            "module.vpc.module.vpc.aws_subnet.private",
            "module.vpc.module.vpc.aws_subnet.public",
            "module.vpc.module.vpc.aws_vpc.this",
            "module.vpc.module.vpc.aws_vpc_ipv4_cidr_block_association.this"
          ]
        }
      ]
    },
    {
      "module": "module.pedido",
      "mode": "managed",
      "type": "aws_ecs_task_definition",
      "name": "task",
      "provider": "provider[\"registry.terraform.io/hashicorp/aws\"]",
      "instances": [
        {
          "schema_version": 1,
          "attributes": {
            "arn": "arn:aws:ecs:us-east-1:509440620700:task-definition/lab-pedido:6",
            "container_definitions": "[{\"cpu\":256,\"environment\":[],\"essential\":true,\"image\":\"509440620700.dkr.ecr.us-east-1.amazonaws.com/lab-pedido\",\"logConfiguration\":{\"logDriver\":\"awslogs\",\"options\":{\"awslogs-group\":\"lab-pedido\",\"awslogs-region\":\"us-east-1\",\"awslogs-stream-prefix\":\"pedido\"}},\"memory\":512,\"mountPoints\":[],\"name\":\"lab-pedido\",\"portMappings\":[{\"containerPort\":80,\"hostPort\":80,\"protocol\":\"tcp\"}],\"volumesFrom\":[]}]",
            "cpu": "256",
            "execution_role_arn": "arn:aws:iam::509440620700:role/ecs-task-lab-pedido-role",
            "family": "lab-pedido",
            "id": "lab-pedido",
            "inference_accelerator": [],
            "ipc_mode": "",
            "memory": "512",
            "network_mode": "awsvpc",
            "pid_mode": "",
            "placement_constraints": [],
            "proxy_configuration": [],
            "requires_compatibilities": [
              "FARGATE"
            ],
            "revision": 6,
            "tags": {
              "produto": "tag-produto",
              "squad": "tag-squad",
              "tribo": "tag-tribo"
            },
            "tags_all": {
              "produto": "tag-produto",
              "squad": "tag-squad",
              "tribo": "tag-tribo"
            },
            "task_role_arn": "arn:aws:iam::509440620700:role/ecs-task-lab-pedido-role",
            "volume": []
          },
          "sensitive_attributes": [],
          "private": "eyJzY2hlbWFfdmVyc2lvbiI6IjEifQ==",
          "dependencies": [
            "module.pedido.aws_cloudwatch_log_group.logs",
            "module.pedido.aws_ecr_repository.registry",
            "module.pedido.aws_iam_role.ecs_execution_role"
          ]
        }
      ]
    },
    {
      "module": "module.pedido",
      "mode": "managed",
      "type": "aws_iam_role",
      "name": "ecs_execution_role",
      "provider": "provider[\"registry.terraform.io/hashicorp/aws\"]",
      "instances": [
        {
          "schema_version": 0,
          "attributes": {
            "arn": "arn:aws:iam::509440620700:role/ecs-task-lab-pedido-role",
            "assume_role_policy": "{\"Version\":\"2012-10-17\",\"Statement\":[{\"Sid\":\"\",\"Effect\":\"Allow\",\"Principal\":{\"Service\":\"ecs-tasks.amazonaws.com\"},\"Action\":\"sts:AssumeRole\"}]}",
            "create_date": "2021-05-28T03:26:54Z",
            "description": "",
            "force_detach_policies": false,
            "id": "ecs-task-lab-pedido-role",
            "inline_policy": [
              {
                "name": "",
                "policy": ""
              }
            ],
            "managed_policy_arns": [],
            "max_session_duration": 3600,
            "name": "ecs-task-lab-pedido-role",
            "name_prefix": null,
            "path": "/",
            "permissions_boundary": null,
            "tags": {
              "produto": "tag-produto",
              "squad": "tag-squad",
              "tribo": "tag-tribo"
            },
            "tags_all": {
              "produto": "tag-produto",
              "squad": "tag-squad",
              "tribo": "tag-tribo"
            },
            "unique_id": "AROAXNHIG7COPQAOYJM2H"
          },
          "sensitive_attributes": [],
          "private": "bnVsbA=="
        }
      ]
    },
    {
      "module": "module.pedido",
      "mode": "managed",
      "type": "aws_iam_role_policy",
      "name": "ecs_execution_role_policy",
      "provider": "provider[\"registry.terraform.io/hashicorp/aws\"]",
      "instances": [
        {
          "schema_version": 0,
          "attributes": {
            "id": "ecs-task-lab-pedido-role:ecs-task-lab-pedido-policy",
            "name": "ecs-task-lab-pedido-policy",
            "name_prefix": null,
            "policy": "{\r\n    \"Version\": \"2012-10-17\",\r\n    \"Statement\": [\r\n      {\r\n        \"Effect\": \"Allow\",\r\n        \"Action\": [\r\n          \"ecr:GetAuthorizationToken\",\r\n          \"ecr:BatchCheckLayerAvailability\",\r\n          \"ecr:GetDownloadUrlForLayer\",\r\n          \"ecr:BatchGetImage\",\r\n          \"logs:CreateLogStream\",\r\n          \"logs:PutLogEvents\"\r\n        ],\r\n        \"Resource\": \"*\"\r\n      }\r\n    ]\r\n  }",
            "role": "ecs-task-lab-pedido-role"
          },
          "sensitive_attributes": [],
          "private": "bnVsbA==",
          "dependencies": [
            "module.pedido.aws_iam_role.ecs_execution_role"
          ]
        }
      ]
    },
    {
      "module": "module.pedido",
      "mode": "managed",
      "type": "aws_lb_listener_rule",
      "name": "service",
      "provider": "provider[\"registry.terraform.io/hashicorp/aws\"]",
      "instances": [
        {
          "schema_version": 0,
          "attributes": {
            "action": [
              {
                "authenticate_cognito": [],
                "authenticate_oidc": [],
                "fixed_response": [],
                "forward": [],
                "order": 1,
                "redirect": [],
                "target_group_arn": "arn:aws:elasticloadbalancing:us-east-1:509440620700:targetgroup/lab-pedido/2d53f680b9301501",
                "type": "forward"
              }
            ],
            "arn": "arn:aws:elasticloadbalancing:us-east-1:509440620700:listener-rule/app/lab-alb/13195929962d2a2f/8461c0cb04350a68/1e0bed27f3ea4ae7",
            "condition": [
              {
                "host_header": [],
                "http_header": [],
                "http_request_method": [],
                "path_pattern": [
                  {
                    "values": [
                      "/api*",
                      "/swagger*"
                    ]
                  }
                ],
                "query_string": [],
                "source_ip": []
              }
            ],
            "id": "arn:aws:elasticloadbalancing:us-east-1:509440620700:listener-rule/app/lab-alb/13195929962d2a2f/8461c0cb04350a68/1e0bed27f3ea4ae7",
            "listener_arn": "arn:aws:elasticloadbalancing:us-east-1:509440620700:listener/app/lab-alb/13195929962d2a2f/8461c0cb04350a68",
            "priority": 2,
            "tags": null,
            "tags_all": {}
          },
          "sensitive_attributes": [],
          "private": "bnVsbA==",
          "dependencies": [
            "module.cluster.aws_alb.cluster_alb",
            "module.cluster.aws_alb_listener.default",
            "module.cluster.aws_security_group.alb_sg",
            "module.pedido.aws_alb_target_group.tg",
            "module.vpc.module.vpc.aws_subnet.public",
            "module.vpc.module.vpc.aws_vpc.this",
            "module.vpc.module.vpc.aws_vpc_ipv4_cidr_block_association.this"
          ]
        }
      ]
    },
    {
      "module": "module.pedido",
      "mode": "managed",
      "type": "aws_security_group",
      "name": "service_sg",
      "provider": "provider[\"registry.terraform.io/hashicorp/aws\"]",
      "instances": [
        {
          "schema_version": 1,
          "attributes": {
            "arn": "arn:aws:ec2:us-east-1:509440620700:security-group/sg-099faafd7d5b989a4",
            "description": "lab-pedido",
            "egress": [
              {
                "cidr_blocks": [
                  "0.0.0.0/0"
                ],
                "description": "",
                "from_port": 0,
                "ipv6_cidr_blocks": [],
                "prefix_list_ids": [],
                "protocol": "-1",
                "security_groups": [],
                "self": false,
                "to_port": 0
              }
            ],
            "id": "sg-099faafd7d5b989a4",
            "ingress": [
              {
                "cidr_blocks": [],
                "description": "",
                "from_port": 80,
                "ipv6_cidr_blocks": [],
                "prefix_list_ids": [],
                "protocol": "tcp",
                "security_groups": [
                  "sg-03b608049e2d317fc"
                ],
                "self": false,
                "to_port": 80
              }
            ],
            "name": "lab-pedido-sg",
            "name_prefix": "",
            "owner_id": "509440620700",
            "revoke_rules_on_delete": false,
            "tags": {
              "produto": "tag-produto",
              "squad": "tag-squad",
              "tribo": "tag-tribo"
            },
            "tags_all": {
              "produto": "tag-produto",
              "squad": "tag-squad",
              "tribo": "tag-tribo"
            },
            "timeouts": null,
            "vpc_id": "vpc-064b45b3ebae5edb3"
          },
          "sensitive_attributes": [],
          "private": "eyJlMmJmYjczMC1lY2FhLTExZTYtOGY4OC0zNDM2M2JjN2M0YzAiOnsiY3JlYXRlIjo2MDAwMDAwMDAwMDAsImRlbGV0ZSI6OTAwMDAwMDAwMDAwfSwic2NoZW1hX3ZlcnNpb24iOiIxIn0=",
          "dependencies": [
            "module.cluster.aws_security_group.alb_sg",
            "module.vpc.module.vpc.aws_vpc.this"
          ]
        }
      ]
    },
    {
      "module": "module.pedido",
      "mode": "managed",
      "type": "aws_security_group_rule",
      "name": "service_alb_access_sg_rule",
      "provider": "provider[\"registry.terraform.io/hashicorp/aws\"]",
      "instances": [
        {
          "index_key": 0,
          "schema_version": 2,
          "attributes": {
            "cidr_blocks": null,
            "description": null,
            "from_port": 80,
            "id": "sgrule-2209690043",
            "ipv6_cidr_blocks": null,
            "prefix_list_ids": null,
            "protocol": "tcp",
            "security_group_id": "sg-099faafd7d5b989a4",
            "self": false,
            "source_security_group_id": "sg-03b608049e2d317fc",
            "to_port": 443,
            "type": "ingress"
          },
          "sensitive_attributes": [],
          "private": "eyJzY2hlbWFfdmVyc2lvbiI6IjIifQ==",
          "dependencies": [
            "module.cluster.aws_security_group.alb_sg",
            "module.pedido.aws_security_group.service_sg",
            "module.vpc.module.vpc.aws_vpc.this"
          ]
        }
      ]
    },
    {
      "module": "module.pedido.module.pipeline",
      "mode": "data",
      "type": "template_file",
      "name": "codebuild_policy",
      "provider": "provider[\"registry.terraform.io/hashicorp/template\"]",
      "instances": [
        {
          "schema_version": 0,
          "attributes": {
            "filename": null,
            "id": "b9939555418a813337e9c520bada9b4268721da72742bf0bbfcfeec3dcef2e5b",
            "rendered": "{\r\n    \"Version\": \"2012-10-17\",\r\n    \"Statement\": [\r\n      {\r\n        \"Effect\": \"Allow\",\r\n        \"Resource\": [\r\n          \"*\"\r\n        ],\r\n        \"Action\": [\r\n          \"logs:CreateLogGroup\",\r\n          \"logs:CreateLogStream\",\r\n          \"logs:PutLogEvents\",\r\n          \"ecr:GetAuthorizationToken\",\r\n          \"ecr:InitiateLayerUpload\",\r\n          \"ecr:UploadLayerPart\",\r\n          \"ecr:CompleteLayerUpload\",\r\n          \"ecr:BatchCheckLayerAvailability\",\r\n          \"ecr:PutImage\",\r\n          \"ecs:RunTask\",\r\n          \"iam:PassRole\"\r\n        ]\r\n      },\r\n      {\r\n        \"Effect\":\"Allow\",\r\n        \"Action\": [\r\n          \"s3:GetObject\",\r\n          \"s3:GetObjectVersion\",\r\n          \"s3:GetBucketVersioning\",\r\n          \"s3:List*\",\r\n          \"s3:PutObject\"\r\n        ],\r\n        \"Resource\": [\r\n          \"arn:aws:s3:::lab-pedido-509440620700-pipeline\",\r\n          \"arn:aws:s3:::lab-pedido-509440620700-pipeline/*\"\r\n        ]\r\n      }\r\n    ]\r\n  }",
            "template": "{\r\n    \"Version\": \"2012-10-17\",\r\n    \"Statement\": [\r\n      {\r\n        \"Effect\": \"Allow\",\r\n        \"Resource\": [\r\n          \"*\"\r\n        ],\r\n        \"Action\": [\r\n          \"logs:CreateLogGroup\",\r\n          \"logs:CreateLogStream\",\r\n          \"logs:PutLogEvents\",\r\n          \"ecr:GetAuthorizationToken\",\r\n          \"ecr:InitiateLayerUpload\",\r\n          \"ecr:UploadLayerPart\",\r\n          \"ecr:CompleteLayerUpload\",\r\n          \"ecr:BatchCheckLayerAvailability\",\r\n          \"ecr:PutImage\",\r\n          \"ecs:RunTask\",\r\n          \"iam:PassRole\"\r\n        ]\r\n      },\r\n      {\r\n        \"Effect\":\"Allow\",\r\n        \"Action\": [\r\n          \"s3:GetObject\",\r\n          \"s3:GetObjectVersion\",\r\n          \"s3:GetBucketVersioning\",\r\n          \"s3:List*\",\r\n          \"s3:PutObject\"\r\n        ],\r\n        \"Resource\": [\r\n          \"${aws_s3_bucket_arn}\",\r\n          \"${aws_s3_bucket_arn}/*\"\r\n        ]\r\n      }\r\n    ]\r\n  }",
            "vars": {
              "aws_s3_bucket_arn": "arn:aws:s3:::lab-pedido-509440620700-pipeline"
            }
          },
          "sensitive_attributes": []
        }
      ]
    },
    {
      "module": "module.pedido.module.pipeline",
      "mode": "data",
      "type": "template_file",
      "name": "codedeploy_policy",
      "provider": "provider[\"registry.terraform.io/hashicorp/template\"]",
      "instances": [
        {
          "schema_version": 0,
          "attributes": {
            "filename": null,
            "id": "0e1d397955e194535a59aea9be07f83dc6b3e2872fd4fee81e5820fe1fa1975c",
            "rendered": "{\r\n    \"Version\": \"2012-10-17\",\r\n    \"Statement\": [\r\n        {\r\n            \"Action\": [\r\n                \"ecs:DescribeServices\",\r\n                \"ecs:CreateTaskSet\",\r\n                \"ecs:UpdateServicePrimaryTaskSet\",\r\n                \"ecs:DeleteTaskSet\",\r\n                \"cloudwatch:DescribeAlarms\"\r\n            ],\r\n            \"Resource\": \"*\",\r\n            \"Effect\": \"Allow\"\r\n        },\r\n        {\r\n            \"Action\": [\r\n                \"sns:Publish\"\r\n            ],\r\n            \"Resource\": \"arn:aws:sns:*:*:CodeDeployTopic_*\",\r\n            \"Effect\": \"Allow\"\r\n        },\r\n        {\r\n            \"Action\": [\r\n                \"elasticloadbalancing:DescribeTargetGroups\",\r\n                \"elasticloadbalancing:DescribeListeners\",\r\n                \"elasticloadbalancing:ModifyListener\",\r\n                \"elasticloadbalancing:DescribeRules\",\r\n                \"elasticloadbalancing:ModifyRule\"\r\n            ],\r\n            \"Resource\": \"*\",\r\n            \"Effect\": \"Allow\"\r\n        },\r\n        {\r\n            \"Action\": [\r\n                \"lambda:InvokeFunction\"\r\n            ],\r\n            \"Resource\": \"arn:aws:lambda:*:*:function:CodeDeployHook_*\",\r\n            \"Effect\": \"Allow\"\r\n        },\r\n        {\r\n            \"Action\": [\r\n                \"s3:GetObject\",\r\n                \"s3:GetObjectMetadata\",\r\n                \"s3:GetObjectVersion\"\r\n            ],\r\n            \"Resource\": \"*\",\r\n            \"Condition\": {\r\n                \"StringEquals\": {\r\n                    \"s3:ExistingObjectTag/UseWithCodeDeploy\": \"true\"\r\n                }\r\n            },\r\n            \"Effect\": \"Allow\"\r\n        }\r\n    ]\r\n}",
            "template": "{\r\n    \"Version\": \"2012-10-17\",\r\n    \"Statement\": [\r\n        {\r\n            \"Action\": [\r\n                \"ecs:DescribeServices\",\r\n                \"ecs:CreateTaskSet\",\r\n                \"ecs:UpdateServicePrimaryTaskSet\",\r\n                \"ecs:DeleteTaskSet\",\r\n                \"cloudwatch:DescribeAlarms\"\r\n            ],\r\n            \"Resource\": \"*\",\r\n            \"Effect\": \"Allow\"\r\n        },\r\n        {\r\n            \"Action\": [\r\n                \"sns:Publish\"\r\n            ],\r\n            \"Resource\": \"arn:aws:sns:*:*:CodeDeployTopic_*\",\r\n            \"Effect\": \"Allow\"\r\n        },\r\n        {\r\n            \"Action\": [\r\n                \"elasticloadbalancing:DescribeTargetGroups\",\r\n                \"elasticloadbalancing:DescribeListeners\",\r\n                \"elasticloadbalancing:ModifyListener\",\r\n                \"elasticloadbalancing:DescribeRules\",\r\n                \"elasticloadbalancing:ModifyRule\"\r\n            ],\r\n            \"Resource\": \"*\",\r\n            \"Effect\": \"Allow\"\r\n        },\r\n        {\r\n            \"Action\": [\r\n                \"lambda:InvokeFunction\"\r\n            ],\r\n            \"Resource\": \"arn:aws:lambda:*:*:function:CodeDeployHook_*\",\r\n            \"Effect\": \"Allow\"\r\n        },\r\n        {\r\n            \"Action\": [\r\n                \"s3:GetObject\",\r\n                \"s3:GetObjectMetadata\",\r\n                \"s3:GetObjectVersion\"\r\n            ],\r\n            \"Resource\": \"*\",\r\n            \"Condition\": {\r\n                \"StringEquals\": {\r\n                    \"s3:ExistingObjectTag/UseWithCodeDeploy\": \"true\"\r\n                }\r\n            },\r\n            \"Effect\": \"Allow\"\r\n        }\r\n    ]\r\n}",
            "vars": null
          },
          "sensitive_attributes": []
        }
      ]
    },
    {
      "module": "module.pedido.module.pipeline",
      "mode": "data",
      "type": "template_file",
      "name": "codepipeline_policy",
      "provider": "provider[\"registry.terraform.io/hashicorp/template\"]",
      "instances": [
        {
          "schema_version": 0,
          "attributes": {
            "filename": null,
            "id": "2de669f609d0cc90762a27c38871b149bd379432bbeeef8666614020c929987b",
            "rendered": "{\r\n    \"Version\": \"2012-10-17\",\r\n    \"Statement\": [\r\n      {\r\n        \"Effect\":\"Allow\",\r\n        \"Action\": [\r\n          \"s3:GetObject\",\r\n          \"s3:GetObjectVersion\",\r\n          \"s3:GetBucketVersioning\",\r\n          \"s3:List*\",\r\n          \"s3:PutObject\"\r\n        ],\r\n        \"Resource\": [\r\n          \"arn:aws:s3:::lab-pedido-509440620700-pipeline\",\r\n          \"arn:aws:s3:::lab-pedido-509440620700-pipeline/*\"\r\n        ]\r\n      },\r\n      {\r\n        \"Effect\": \"Allow\",\r\n        \"Action\": [\r\n          \"codebuild:BatchGetBuilds\",\r\n          \"codebuild:StartBuild\"\r\n        ],\r\n        \"Resource\": \"*\"\r\n      },\r\n      {\r\n        \"Effect\": \"Allow\",\r\n        \"Action\": [\r\n          \"codecommit:GetBranch\",\r\n          \"codecommit:GetCommit\",\r\n          \"codecommit:UploadArchive\",\r\n          \"codecommit:GetUploadArchiveStatus\",\r\n          \"codecommit:CancelUploadArchive\"\r\n        ],\r\n        \"Resource\": \"*\"\r\n      },\r\n      {\r\n        \"Action\": [\r\n          \"ecs:*\",\r\n          \"ecr:DescribeImages\",\r\n          \"events:DescribeRule\",\r\n          \"events:DeleteRule\",\r\n          \"events:ListRuleNamesByTarget\",\r\n          \"events:ListTargetsByRule\",\r\n          \"events:PutRule\",\r\n          \"events:PutTargets\",\r\n          \"events:RemoveTargets\",\r\n          \"iam:ListAttachedRolePolicies\",\r\n          \"iam:ListInstanceProfiles\",\r\n          \"iam:ListRoles\",\r\n          \"logs:CreateLogGroup\",\r\n          \"logs:DescribeLogGroups\",\r\n          \"logs:FilterLogEvents\"\r\n        ],\r\n        \"Resource\": \"*\",\r\n        \"Effect\": \"Allow\"\r\n      },\r\n      {\r\n        \"Action\": \"iam:PassRole\",\r\n        \"Effect\": \"Allow\",\r\n        \"Resource\": [\r\n          \"*\"\r\n        ],\r\n        \"Condition\": {\r\n          \"StringLike\": {\r\n            \"iam:PassedToService\": \"ecs-tasks.amazonaws.com\"\r\n          }\r\n        }\r\n      },\r\n      {\r\n        \"Action\": \"iam:PassRole\",\r\n        \"Effect\": \"Allow\",\r\n        \"Resource\": [\r\n          \"arn:aws:iam::*:role/ecsInstanceRole*\"\r\n        ],\r\n        \"Condition\": {\r\n          \"StringLike\": {\r\n            \"iam:PassedToService\": [\r\n              \"ec2.amazonaws.com\",\r\n              \"ec2.amazonaws.com.cn\"\r\n            ]\r\n          }\r\n        }\r\n      },\r\n      {\r\n        \"Action\": \"iam:PassRole\",\r\n        \"Effect\": \"Allow\",\r\n        \"Resource\": [\r\n          \"arn:aws:iam::*:role/ecsAutoscaleRole*\"\r\n        ],\r\n        \"Condition\": {\r\n          \"StringLike\": {\r\n            \"iam:PassedToService\": [\r\n              \"application-autoscaling.amazonaws.com\",\r\n              \"application-autoscaling.amazonaws.com.cn\"\r\n            ]\r\n          }\r\n        }\r\n      },\r\n      {\r\n        \"Effect\": \"Allow\",\r\n        \"Action\": \"iam:CreateServiceLinkedRole\",\r\n        \"Resource\": \"*\",\r\n        \"Condition\": {\r\n          \"StringLike\": {\r\n            \"iam:AWSServiceName\": [\r\n              \"ecs.amazonaws.com\",\r\n              \"spot.amazonaws.com\",\r\n              \"spotfleet.amazonaws.com\"\r\n            ]\r\n          }\r\n        }\r\n      }\r\n    ]\r\n  }",
            "template": "{\r\n    \"Version\": \"2012-10-17\",\r\n    \"Statement\": [\r\n      {\r\n        \"Effect\":\"Allow\",\r\n        \"Action\": [\r\n          \"s3:GetObject\",\r\n          \"s3:GetObjectVersion\",\r\n          \"s3:GetBucketVersioning\",\r\n          \"s3:List*\",\r\n          \"s3:PutObject\"\r\n        ],\r\n        \"Resource\": [\r\n          \"${aws_s3_bucket_arn}\",\r\n          \"${aws_s3_bucket_arn}/*\"\r\n        ]\r\n      },\r\n      {\r\n        \"Effect\": \"Allow\",\r\n        \"Action\": [\r\n          \"codebuild:BatchGetBuilds\",\r\n          \"codebuild:StartBuild\"\r\n        ],\r\n        \"Resource\": \"*\"\r\n      },\r\n      {\r\n        \"Effect\": \"Allow\",\r\n        \"Action\": [\r\n          \"codecommit:GetBranch\",\r\n          \"codecommit:GetCommit\",\r\n          \"codecommit:UploadArchive\",\r\n          \"codecommit:GetUploadArchiveStatus\",\r\n          \"codecommit:CancelUploadArchive\"\r\n        ],\r\n        \"Resource\": \"*\"\r\n      },\r\n      {\r\n        \"Action\": [\r\n          \"ecs:*\",\r\n          \"ecr:DescribeImages\",\r\n          \"events:DescribeRule\",\r\n          \"events:DeleteRule\",\r\n          \"events:ListRuleNamesByTarget\",\r\n          \"events:ListTargetsByRule\",\r\n          \"events:PutRule\",\r\n          \"events:PutTargets\",\r\n          \"events:RemoveTargets\",\r\n          \"iam:ListAttachedRolePolicies\",\r\n          \"iam:ListInstanceProfiles\",\r\n          \"iam:ListRoles\",\r\n          \"logs:CreateLogGroup\",\r\n          \"logs:DescribeLogGroups\",\r\n          \"logs:FilterLogEvents\"\r\n        ],\r\n        \"Resource\": \"*\",\r\n        \"Effect\": \"Allow\"\r\n      },\r\n      {\r\n        \"Action\": \"iam:PassRole\",\r\n        \"Effect\": \"Allow\",\r\n        \"Resource\": [\r\n          \"*\"\r\n        ],\r\n        \"Condition\": {\r\n          \"StringLike\": {\r\n            \"iam:PassedToService\": \"ecs-tasks.amazonaws.com\"\r\n          }\r\n        }\r\n      },\r\n      {\r\n        \"Action\": \"iam:PassRole\",\r\n        \"Effect\": \"Allow\",\r\n        \"Resource\": [\r\n          \"arn:aws:iam::*:role/ecsInstanceRole*\"\r\n        ],\r\n        \"Condition\": {\r\n          \"StringLike\": {\r\n            \"iam:PassedToService\": [\r\n              \"ec2.amazonaws.com\",\r\n              \"ec2.amazonaws.com.cn\"\r\n            ]\r\n          }\r\n        }\r\n      },\r\n      {\r\n        \"Action\": \"iam:PassRole\",\r\n        \"Effect\": \"Allow\",\r\n        \"Resource\": [\r\n          \"arn:aws:iam::*:role/ecsAutoscaleRole*\"\r\n        ],\r\n        \"Condition\": {\r\n          \"StringLike\": {\r\n            \"iam:PassedToService\": [\r\n              \"application-autoscaling.amazonaws.com\",\r\n              \"application-autoscaling.amazonaws.com.cn\"\r\n            ]\r\n          }\r\n        }\r\n      },\r\n      {\r\n        \"Effect\": \"Allow\",\r\n        \"Action\": \"iam:CreateServiceLinkedRole\",\r\n        \"Resource\": \"*\",\r\n        \"Condition\": {\r\n          \"StringLike\": {\r\n            \"iam:AWSServiceName\": [\r\n              \"ecs.amazonaws.com\",\r\n              \"spot.amazonaws.com\",\r\n              \"spotfleet.amazonaws.com\"\r\n            ]\r\n          }\r\n        }\r\n      }\r\n    ]\r\n  }",
            "vars": {
              "aws_s3_bucket_arn": "arn:aws:s3:::lab-pedido-509440620700-pipeline"
            }
          },
          "sensitive_attributes": []
        }
      ]
    },
    {
      "module": "module.pedido.module.pipeline",
      "mode": "data",
      "type": "template_file",
      "name": "events_policy",
      "provider": "provider[\"registry.terraform.io/hashicorp/template\"]",
      "instances": [
        {
          "schema_version": 0,
          "attributes": {
            "filename": null,
            "id": "0b78bcdd773403ec718f190b5e024f32575d8a10a70ae520a7e2d41dc2d8cd18",
            "rendered": "{\r\n    \"Version\": \"2012-10-17\",\r\n    \"Statement\": [\r\n        {\r\n            \"Effect\": \"Allow\",\r\n            \"Action\": [\r\n                \"codepipeline:StartPipelineExecution\"\r\n            ],\r\n            \"Resource\": [\r\n                \"arn:aws:codepipeline:us-east-1:509440620700:lab-pedido-pipeline\"\r\n            ]\r\n        }\r\n    ]\r\n}",
            "template": "{\r\n    \"Version\": \"2012-10-17\",\r\n    \"Statement\": [\r\n        {\r\n            \"Effect\": \"Allow\",\r\n            \"Action\": [\r\n                \"codepipeline:StartPipelineExecution\"\r\n            ],\r\n            \"Resource\": [\r\n                \"${aws_codepipeline_pipeline_arn}\"\r\n            ]\r\n        }\r\n    ]\r\n}",
            "vars": {
              "aws_codepipeline_pipeline_arn": "arn:aws:codepipeline:us-east-1:509440620700:lab-pedido-pipeline"
            }
          },
          "sensitive_attributes": []
        }
      ]
    },
    {
      "module": "module.pedido.module.pipeline",
      "mode": "managed",
      "type": "aws_cloudwatch_event_rule",
      "name": "ecr_latest_image",
      "provider": "provider[\"registry.terraform.io/hashicorp/aws\"]",
      "instances": [
        {
          "schema_version": 0,
          "attributes": {
            "arn": "arn:aws:events:us-east-1:509440620700:rule/lab-pedido-rule",
            "description": "",
            "event_bus_name": "default",
            "event_pattern": "{\"detail\":{\"eventName\":[\"PutImage\"],\"eventSource\":[\"ecr.amazonaws.com\"],\"requestParameters\":{\"imageTag\":[\"latest\"],\"repositoryName\":[\"lab-pedido\"]}},\"source\":[\"aws.ecr\"]}",
            "id": "lab-pedido-rule",
            "is_enabled": true,
            "name": "lab-pedido-rule",
            "name_prefix": "",
            "role_arn": "",
            "schedule_expression": "",
            "tags": {
              "produto": "tag-produto",
              "squad": "tag-squad",
              "tribo": "tag-tribo"
            },
            "tags_all": {
              "produto": "tag-produto",
              "squad": "tag-squad",
              "tribo": "tag-tribo"
            }
          },
          "sensitive_attributes": [],
          "private": "bnVsbA==",
          "dependencies": [
            "module.pedido.aws_ecr_repository.registry"
          ]
        }
      ]
    },
    {
      "module": "module.pedido.module.pipeline",
      "mode": "managed",
      "type": "aws_cloudwatch_event_target",
      "name": "ecr_pipeline_target",
      "provider": "provider[\"registry.terraform.io/hashicorp/aws\"]",
      "instances": [
        {
          "schema_version": 1,
          "attributes": {
            "arn": "arn:aws:codepipeline:us-east-1:509440620700:lab-pedido-pipeline",
            "batch_target": [],
            "dead_letter_config": [],
            "ecs_target": [],
            "event_bus_name": "default",
            "http_target": [],
            "id": "lab-pedido-rule-terraform-20210528032934743200000002",
            "input": "",
            "input_path": "",
            "input_transformer": [],
            "kinesis_target": [],
            "retry_policy": [],
            "role_arn": "arn:aws:iam::509440620700:role/events-lab-pedido-role",
            "rule": "lab-pedido-rule",
            "run_command_targets": [],
            "sqs_target": [],
            "target_id": "terraform-20210528032934743200000002"
          },
          "sensitive_attributes": [],
          "private": "eyJzY2hlbWFfdmVyc2lvbiI6IjEifQ==",
          "dependencies": [
            "module.pedido.aws_ecr_repository.registry",
            "module.pedido.data.aws_caller_identity.current",
            "module.pedido.module.pipeline.aws_cloudwatch_event_rule.ecr_latest_image",
            "module.pedido.module.pipeline.aws_codebuild_project.app_build",
            "module.pedido.module.pipeline.aws_codepipeline.pipeline",
            "module.pedido.module.pipeline.aws_iam_role.codebuild_role",
            "module.pedido.module.pipeline.aws_iam_role.codepipeline_role",
            "module.pedido.module.pipeline.aws_iam_role.events_role",
            "module.pedido.module.pipeline.aws_s3_bucket.source"
          ]
        }
      ]
    },
    {
      "module": "module.pedido.module.pipeline",
      "mode": "managed",
      "type": "aws_codebuild_project",
      "name": "app_build",
      "provider": "provider[\"registry.terraform.io/hashicorp/aws\"]",
      "instances": [
        {
          "schema_version": 0,
          "attributes": {
            "arn": "arn:aws:codebuild:us-east-1:509440620700:project/lab-pedido-codebuild",
            "artifacts": [
              {
                "artifact_identifier": "",
                "encryption_disabled": false,
                "location": "",
                "name": "lab-pedido-codebuild",
                "namespace_type": "",
                "override_artifact_name": false,
                "packaging": "NONE",
                "path": "",
                "type": "CODEPIPELINE"
              }
            ],
            "badge_enabled": false,
            "badge_url": "",
            "build_batch_config": [],
            "build_timeout": 60,
            "cache": [
              {
                "location": "",
                "modes": [],
                "type": "NO_CACHE"
              }
            ],
            "concurrent_build_limit": 0,
            "description": "",
            "encryption_key": "arn:aws:kms:us-east-1:509440620700:alias/aws/s3",
            "environment": [
              {
                "certificate": "",
                "compute_type": "BUILD_GENERAL1_SMALL",
                "environment_variable": [
                  {
                    "name": "repository_url",
                    "type": "PLAINTEXT",
                    "value": "509440620700.dkr.ecr.us-east-1.amazonaws.com/lab-pedido"
                  },
                  {
                    "name": "region",
                    "type": "PLAINTEXT",
                    "value": "us-east-1"
                  },
                  {
                    "name": "container_name",
                    "type": "PLAINTEXT",
                    "value": "lab-pedido"
                  }
                ],
                "image": "aws/codebuild/standard:2.0",
                "image_pull_credentials_type": "CODEBUILD",
                "privileged_mode": true,
                "registry_credential": [],
                "type": "LINUX_CONTAINER"
              }
            ],
            "file_system_locations": [],
            "id": "arn:aws:codebuild:us-east-1:509440620700:project/lab-pedido-codebuild",
            "logs_config": [
              {
                "cloudwatch_logs": [
                  {
                    "group_name": "",
                    "status": "ENABLED",
                    "stream_name": ""
                  }
                ],
                "s3_logs": [
                  {
                    "encryption_disabled": false,
                    "location": "",
                    "status": "DISABLED"
                  }
                ]
              }
            ],
            "name": "lab-pedido-codebuild",
            "queued_timeout": 480,
            "secondary_artifacts": [],
            "secondary_sources": [],
            "service_role": "arn:aws:iam::509440620700:role/codebuild-lab-pedido-role",
            "source": [
              {
                "auth": [],
                "build_status_config": [],
                "buildspec": "",
                "git_clone_depth": 0,
                "git_submodules_config": [],
                "insecure_ssl": false,
                "location": "",
                "report_build_status": false,
                "type": "CODEPIPELINE"
              }
            ],
            "source_version": "",
            "tags": {
              "produto": "tag-produto",
              "squad": "tag-squad",
              "tribo": "tag-tribo"
            },
            "tags_all": {
              "produto": "tag-produto",
              "squad": "tag-squad",
              "tribo": "tag-tribo"
            },
            "vpc_config": []
          },
          "sensitive_attributes": [],
          "private": "bnVsbA==",
          "dependencies": [
            "module.pedido.aws_ecr_repository.registry",
            "module.pedido.data.aws_caller_identity.current",
            "module.pedido.module.pipeline.aws_iam_role.codebuild_role",
            "module.pedido.module.pipeline.aws_s3_bucket.source"
          ]
        }
      ]
    },
    {
      "module": "module.pedido.module.pipeline",
      "mode": "managed",
      "type": "aws_codepipeline",
      "name": "pipeline",
      "provider": "provider[\"registry.terraform.io/hashicorp/aws\"]",
      "instances": [
        {
          "schema_version": 0,
          "attributes": {
            "arn": "arn:aws:codepipeline:us-east-1:509440620700:lab-pedido-pipeline",
            "artifact_store": [
              {
                "encryption_key": [],
                "location": "lab-pedido-509440620700-pipeline",
                "region": "",
                "type": "S3"
              }
            ],
            "id": "lab-pedido-pipeline",
            "name": "lab-pedido-pipeline",
            "role_arn": "arn:aws:iam::509440620700:role/codepipeline-lab-pedido-role",
            "stage": [
              {
                "action": [
                  {
                    "category": "Source",
                    "configuration": {
                      "BranchName": "master",
                      "RepositoryName": "lab-pedido"
                    },
                    "input_artifacts": null,
                    "name": "Source",
                    "namespace": "",
                    "output_artifacts": [
                      "source"
                    ],
                    "owner": "AWS",
                    "provider": "CodeCommit",
                    "region": "",
                    "role_arn": "",
                    "run_order": 1,
                    "version": "1"
                  }
                ],
                "name": "Source"
              },
              {
                "action": [
                  {
                    "category": "Build",
                    "configuration": {
                      "ProjectName": "lab-pedido-codebuild"
                    },
                    "input_artifacts": [
                      "source"
                    ],
                    "name": "Build",
                    "namespace": "",
                    "output_artifacts": [
                      "imagedefinitions"
                    ],
                    "owner": "AWS",
                    "provider": "CodeBuild",
                    "region": "",
                    "role_arn": "",
                    "run_order": 1,
                    "version": "1"
                  }
                ],
                "name": "Build"
              },
              {
                "action": [
                  {
                    "category": "Deploy",
                    "configuration": {
                      "ClusterName": "lab",
                      "FileName": "imagedefinitions.json",
                      "ServiceName": "lab-pedido-srv"
                    },
                    "input_artifacts": [
                      "imagedefinitions"
                    ],
                    "name": "Deploy",
                    "namespace": "",
                    "output_artifacts": null,
                    "owner": "AWS",
                    "provider": "ECS",
                    "region": "",
                    "role_arn": "",
                    "run_order": 1,
                    "version": "1"
                  }
                ],
                "name": "Production"
              }
            ],
            "tags": {
              "produto": "tag-produto",
              "squad": "tag-squad",
              "tribo": "tag-tribo"
            },
            "tags_all": {
              "produto": "tag-produto",
              "squad": "tag-squad",
              "tribo": "tag-tribo"
            }
          },
          "sensitive_attributes": [],
          "private": "bnVsbA==",
          "dependencies": [
            "module.pedido.aws_ecr_repository.registry",
            "module.pedido.data.aws_caller_identity.current",
            "module.pedido.module.pipeline.aws_codebuild_project.app_build",
            "module.pedido.module.pipeline.aws_iam_role.codebuild_role",
            "module.pedido.module.pipeline.aws_iam_role.codepipeline_role",
            "module.pedido.module.pipeline.aws_s3_bucket.source"
          ]
        }
      ]
    },
    {
      "module": "module.pedido.module.pipeline",
      "mode": "managed",
      "type": "aws_iam_role",
      "name": "codebuild_role",
      "provider": "provider[\"registry.terraform.io/hashicorp/aws\"]",
      "instances": [
        {
          "schema_version": 0,
          "attributes": {
            "arn": "arn:aws:iam::509440620700:role/codebuild-lab-pedido-role",
            "assume_role_policy": "{\"Version\":\"2012-10-17\",\"Statement\":[{\"Effect\":\"Allow\",\"Principal\":{\"Service\":\"codebuild.amazonaws.com\"},\"Action\":\"sts:AssumeRole\"}]}",
            "create_date": "2021-05-28T03:26:54Z",
            "description": "",
            "force_detach_policies": false,
            "id": "codebuild-lab-pedido-role",
            "inline_policy": [
              {
                "name": "",
                "policy": ""
              }
            ],
            "managed_policy_arns": [],
            "max_session_duration": 3600,
            "name": "codebuild-lab-pedido-role",
            "name_prefix": null,
            "path": "/",
            "permissions_boundary": null,
            "tags": {
              "produto": "tag-produto",
              "squad": "tag-squad",
              "tribo": "tag-tribo"
            },
            "tags_all": {
              "produto": "tag-produto",
              "squad": "tag-squad",
              "tribo": "tag-tribo"
            },
            "unique_id": "AROAXNHIG7COMSI4OVAYV"
          },
          "sensitive_attributes": [],
          "private": "bnVsbA=="
        }
      ]
    },
    {
      "module": "module.pedido.module.pipeline",
      "mode": "managed",
      "type": "aws_iam_role",
      "name": "codedeploy_role",
      "provider": "provider[\"registry.terraform.io/hashicorp/aws\"]",
      "instances": [
        {
          "schema_version": 0,
          "attributes": {
            "arn": "arn:aws:iam::509440620700:role/codedeploy-lab-pedido-role",
            "assume_role_policy": "{\"Version\":\"2012-10-17\",\"Statement\":[{\"Sid\":\"\",\"Effect\":\"Allow\",\"Principal\":{\"Service\":\"codedeploy.amazonaws.com\"},\"Action\":\"sts:AssumeRole\"}]}",
            "create_date": "2021-05-28T03:26:54Z",
            "description": "",
            "force_detach_policies": false,
            "id": "codedeploy-lab-pedido-role",
            "inline_policy": [
              {
                "name": "",
                "policy": ""
              }
            ],
            "managed_policy_arns": [],
            "max_session_duration": 3600,
            "name": "codedeploy-lab-pedido-role",
            "name_prefix": null,
            "path": "/",
            "permissions_boundary": null,
            "tags": {
              "produto": "tag-produto",
              "squad": "tag-squad",
              "tribo": "tag-tribo"
            },
            "tags_all": {
              "produto": "tag-produto",
              "squad": "tag-squad",
              "tribo": "tag-tribo"
            },
            "unique_id": "AROAXNHIG7COA4IO6MDS3"
          },
          "sensitive_attributes": [],
          "private": "bnVsbA=="
        }
      ]
    },
    {
      "module": "module.pedido.module.pipeline",
      "mode": "managed",
      "type": "aws_iam_role",
      "name": "codepipeline_role",
      "provider": "provider[\"registry.terraform.io/hashicorp/aws\"]",
      "instances": [
        {
          "schema_version": 0,
          "attributes": {
            "arn": "arn:aws:iam::509440620700:role/codepipeline-lab-pedido-role",
            "assume_role_policy": "{\"Version\":\"2012-10-17\",\"Statement\":[{\"Effect\":\"Allow\",\"Principal\":{\"Service\":\"codepipeline.amazonaws.com\"},\"Action\":\"sts:AssumeRole\"}]}",
            "create_date": "2021-05-28T03:26:54Z",
            "description": "",
            "force_detach_policies": false,
            "id": "codepipeline-lab-pedido-role",
            "inline_policy": [
              {
                "name": "",
                "policy": ""
              }
            ],
            "managed_policy_arns": [],
            "max_session_duration": 3600,
            "name": "codepipeline-lab-pedido-role",
            "name_prefix": null,
            "path": "/",
            "permissions_boundary": null,
            "tags": {
              "produto": "tag-produto",
              "squad": "tag-squad",
              "tribo": "tag-tribo"
            },
            "tags_all": {
              "produto": "tag-produto",
              "squad": "tag-squad",
              "tribo": "tag-tribo"
            },
            "unique_id": "AROAXNHIG7COPNVEKM3SB"
          },
          "sensitive_attributes": [],
          "private": "bnVsbA=="
        }
      ]
    },
    {
      "module": "module.pedido.module.pipeline",
      "mode": "managed",
      "type": "aws_iam_role",
      "name": "events_role",
      "provider": "provider[\"registry.terraform.io/hashicorp/aws\"]",
      "instances": [
        {
          "schema_version": 0,
          "attributes": {
            "arn": "arn:aws:iam::509440620700:role/events-lab-pedido-role",
            "assume_role_policy": "{\"Version\":\"2012-10-17\",\"Statement\":[{\"Effect\":\"Allow\",\"Principal\":{\"Service\":\"events.amazonaws.com\"},\"Action\":\"sts:AssumeRole\"}]}",
            "create_date": "2021-05-28T03:26:54Z",
            "description": "",
            "force_detach_policies": false,
            "id": "events-lab-pedido-role",
            "inline_policy": [
              {
                "name": "",
                "policy": ""
              }
            ],
            "managed_policy_arns": [],
            "max_session_duration": 3600,
            "name": "events-lab-pedido-role",
            "name_prefix": null,
            "path": "/",
            "permissions_boundary": null,
            "tags": {
              "produto": "tag-produto",
              "squad": "tag-squad",
              "tribo": "tag-tribo"
            },
            "tags_all": {
              "produto": "tag-produto",
              "squad": "tag-squad",
              "tribo": "tag-tribo"
            },
            "unique_id": "AROAXNHIG7COHZPEFFAK3"
          },
          "sensitive_attributes": [],
          "private": "bnVsbA=="
        }
      ]
    },
    {
      "module": "module.pedido.module.pipeline",
      "mode": "managed",
      "type": "aws_iam_role_policy",
      "name": "codebuild_policy",
      "provider": "provider[\"registry.terraform.io/hashicorp/aws\"]",
      "instances": [
        {
          "schema_version": 0,
          "attributes": {
            "id": "codebuild-lab-pedido-role:codebuild-lab-pedido-policy",
            "name": "codebuild-lab-pedido-policy",
            "name_prefix": null,
            "policy": "{\r\n    \"Version\": \"2012-10-17\",\r\n    \"Statement\": [\r\n      {\r\n        \"Effect\": \"Allow\",\r\n        \"Resource\": [\r\n          \"*\"\r\n        ],\r\n        \"Action\": [\r\n          \"logs:CreateLogGroup\",\r\n          \"logs:CreateLogStream\",\r\n          \"logs:PutLogEvents\",\r\n          \"ecr:GetAuthorizationToken\",\r\n          \"ecr:InitiateLayerUpload\",\r\n          \"ecr:UploadLayerPart\",\r\n          \"ecr:CompleteLayerUpload\",\r\n          \"ecr:BatchCheckLayerAvailability\",\r\n          \"ecr:PutImage\",\r\n          \"ecs:RunTask\",\r\n          \"iam:PassRole\"\r\n        ]\r\n      },\r\n      {\r\n        \"Effect\":\"Allow\",\r\n        \"Action\": [\r\n          \"s3:GetObject\",\r\n          \"s3:GetObjectVersion\",\r\n          \"s3:GetBucketVersioning\",\r\n          \"s3:List*\",\r\n          \"s3:PutObject\"\r\n        ],\r\n        \"Resource\": [\r\n          \"arn:aws:s3:::lab-pedido-509440620700-pipeline\",\r\n          \"arn:aws:s3:::lab-pedido-509440620700-pipeline/*\"\r\n        ]\r\n      }\r\n    ]\r\n  }",
            "role": "codebuild-lab-pedido-role"
          },
          "sensitive_attributes": [],
          "private": "bnVsbA==",
          "dependencies": [
            "module.pedido.data.aws_caller_identity.current",
            "module.pedido.module.pipeline.aws_iam_role.codebuild_role",
            "module.pedido.module.pipeline.aws_s3_bucket.source",
            "module.pedido.module.pipeline.data.template_file.codebuild_policy"
          ]
        }
      ]
    },
    {
      "module": "module.pedido.module.pipeline",
      "mode": "managed",
      "type": "aws_iam_role_policy",
      "name": "codedeploy_policy",
      "provider": "provider[\"registry.terraform.io/hashicorp/aws\"]",
      "instances": [
        {
          "schema_version": 0,
          "attributes": {
            "id": "codedeploy-lab-pedido-role:codedeploy-lab-pedido-policy",
            "name": "codedeploy-lab-pedido-policy",
            "name_prefix": null,
            "policy": "{\r\n    \"Version\": \"2012-10-17\",\r\n    \"Statement\": [\r\n        {\r\n            \"Action\": [\r\n                \"ecs:DescribeServices\",\r\n                \"ecs:CreateTaskSet\",\r\n                \"ecs:UpdateServicePrimaryTaskSet\",\r\n                \"ecs:DeleteTaskSet\",\r\n                \"cloudwatch:DescribeAlarms\"\r\n            ],\r\n            \"Resource\": \"*\",\r\n            \"Effect\": \"Allow\"\r\n        },\r\n        {\r\n            \"Action\": [\r\n                \"sns:Publish\"\r\n            ],\r\n            \"Resource\": \"arn:aws:sns:*:*:CodeDeployTopic_*\",\r\n            \"Effect\": \"Allow\"\r\n        },\r\n        {\r\n            \"Action\": [\r\n                \"elasticloadbalancing:DescribeTargetGroups\",\r\n                \"elasticloadbalancing:DescribeListeners\",\r\n                \"elasticloadbalancing:ModifyListener\",\r\n                \"elasticloadbalancing:DescribeRules\",\r\n                \"elasticloadbalancing:ModifyRule\"\r\n            ],\r\n            \"Resource\": \"*\",\r\n            \"Effect\": \"Allow\"\r\n        },\r\n        {\r\n            \"Action\": [\r\n                \"lambda:InvokeFunction\"\r\n            ],\r\n            \"Resource\": \"arn:aws:lambda:*:*:function:CodeDeployHook_*\",\r\n            \"Effect\": \"Allow\"\r\n        },\r\n        {\r\n            \"Action\": [\r\n                \"s3:GetObject\",\r\n                \"s3:GetObjectMetadata\",\r\n                \"s3:GetObjectVersion\"\r\n            ],\r\n            \"Resource\": \"*\",\r\n            \"Condition\": {\r\n                \"StringEquals\": {\r\n                    \"s3:ExistingObjectTag/UseWithCodeDeploy\": \"true\"\r\n                }\r\n            },\r\n            \"Effect\": \"Allow\"\r\n        }\r\n    ]\r\n}",
            "role": "codedeploy-lab-pedido-role"
          },
          "sensitive_attributes": [],
          "private": "bnVsbA==",
          "dependencies": [
            "module.pedido.module.pipeline.aws_iam_role.codedeploy_role",
            "module.pedido.module.pipeline.data.template_file.codedeploy_policy"
          ]
        }
      ]
    },
    {
      "module": "module.pedido.module.pipeline",
      "mode": "managed",
      "type": "aws_iam_role_policy",
      "name": "codepipeline_policy",
      "provider": "provider[\"registry.terraform.io/hashicorp/aws\"]",
      "instances": [
        {
          "schema_version": 0,
          "attributes": {
            "id": "codepipeline-lab-pedido-role:codepipeline-lab-pedido-policy",
            "name": "codepipeline-lab-pedido-policy",
            "name_prefix": null,
            "policy": "{\r\n    \"Version\": \"2012-10-17\",\r\n    \"Statement\": [\r\n      {\r\n        \"Effect\":\"Allow\",\r\n        \"Action\": [\r\n          \"s3:GetObject\",\r\n          \"s3:GetObjectVersion\",\r\n          \"s3:GetBucketVersioning\",\r\n          \"s3:List*\",\r\n          \"s3:PutObject\"\r\n        ],\r\n        \"Resource\": [\r\n          \"arn:aws:s3:::lab-pedido-509440620700-pipeline\",\r\n          \"arn:aws:s3:::lab-pedido-509440620700-pipeline/*\"\r\n        ]\r\n      },\r\n      {\r\n        \"Effect\": \"Allow\",\r\n        \"Action\": [\r\n          \"codebuild:BatchGetBuilds\",\r\n          \"codebuild:StartBuild\"\r\n        ],\r\n        \"Resource\": \"*\"\r\n      },\r\n      {\r\n        \"Effect\": \"Allow\",\r\n        \"Action\": [\r\n          \"codecommit:GetBranch\",\r\n          \"codecommit:GetCommit\",\r\n          \"codecommit:UploadArchive\",\r\n          \"codecommit:GetUploadArchiveStatus\",\r\n          \"codecommit:CancelUploadArchive\"\r\n        ],\r\n        \"Resource\": \"*\"\r\n      },\r\n      {\r\n        \"Action\": [\r\n          \"ecs:*\",\r\n          \"ecr:DescribeImages\",\r\n          \"events:DescribeRule\",\r\n          \"events:DeleteRule\",\r\n          \"events:ListRuleNamesByTarget\",\r\n          \"events:ListTargetsByRule\",\r\n          \"events:PutRule\",\r\n          \"events:PutTargets\",\r\n          \"events:RemoveTargets\",\r\n          \"iam:ListAttachedRolePolicies\",\r\n          \"iam:ListInstanceProfiles\",\r\n          \"iam:ListRoles\",\r\n          \"logs:CreateLogGroup\",\r\n          \"logs:DescribeLogGroups\",\r\n          \"logs:FilterLogEvents\"\r\n        ],\r\n        \"Resource\": \"*\",\r\n        \"Effect\": \"Allow\"\r\n      },\r\n      {\r\n        \"Action\": \"iam:PassRole\",\r\n        \"Effect\": \"Allow\",\r\n        \"Resource\": [\r\n          \"*\"\r\n        ],\r\n        \"Condition\": {\r\n          \"StringLike\": {\r\n            \"iam:PassedToService\": \"ecs-tasks.amazonaws.com\"\r\n          }\r\n        }\r\n      },\r\n      {\r\n        \"Action\": \"iam:PassRole\",\r\n        \"Effect\": \"Allow\",\r\n        \"Resource\": [\r\n          \"arn:aws:iam::*:role/ecsInstanceRole*\"\r\n        ],\r\n        \"Condition\": {\r\n          \"StringLike\": {\r\n            \"iam:PassedToService\": [\r\n              \"ec2.amazonaws.com\",\r\n              \"ec2.amazonaws.com.cn\"\r\n            ]\r\n          }\r\n        }\r\n      },\r\n      {\r\n        \"Action\": \"iam:PassRole\",\r\n        \"Effect\": \"Allow\",\r\n        \"Resource\": [\r\n          \"arn:aws:iam::*:role/ecsAutoscaleRole*\"\r\n        ],\r\n        \"Condition\": {\r\n          \"StringLike\": {\r\n            \"iam:PassedToService\": [\r\n              \"application-autoscaling.amazonaws.com\",\r\n              \"application-autoscaling.amazonaws.com.cn\"\r\n            ]\r\n          }\r\n        }\r\n      },\r\n      {\r\n        \"Effect\": \"Allow\",\r\n        \"Action\": \"iam:CreateServiceLinkedRole\",\r\n        \"Resource\": \"*\",\r\n        \"Condition\": {\r\n          \"StringLike\": {\r\n            \"iam:AWSServiceName\": [\r\n              \"ecs.amazonaws.com\",\r\n              \"spot.amazonaws.com\",\r\n              \"spotfleet.amazonaws.com\"\r\n            ]\r\n          }\r\n        }\r\n      }\r\n    ]\r\n  }",
            "role": "codepipeline-lab-pedido-role"
          },
          "sensitive_attributes": [],
          "private": "bnVsbA==",
          "dependencies": [
            "module.pedido.data.aws_caller_identity.current",
            "module.pedido.module.pipeline.aws_iam_role.codepipeline_role",
            "module.pedido.module.pipeline.aws_s3_bucket.source",
            "module.pedido.module.pipeline.data.template_file.codepipeline_policy"
          ]
        }
      ]
    },
    {
      "module": "module.pedido.module.pipeline",
      "mode": "managed",
      "type": "aws_iam_role_policy",
      "name": "events_policy",
      "provider": "provider[\"registry.terraform.io/hashicorp/aws\"]",
      "instances": [
        {
          "schema_version": 0,
          "attributes": {
            "id": "events-lab-pedido-role:events-lab-pedido-policy",
            "name": "events-lab-pedido-policy",
            "name_prefix": null,
            "policy": "{\r\n    \"Version\": \"2012-10-17\",\r\n    \"Statement\": [\r\n        {\r\n            \"Effect\": \"Allow\",\r\n            \"Action\": [\r\n                \"codepipeline:StartPipelineExecution\"\r\n            ],\r\n            \"Resource\": [\r\n                \"arn:aws:codepipeline:us-east-1:509440620700:lab-pedido-pipeline\"\r\n            ]\r\n        }\r\n    ]\r\n}",
            "role": "events-lab-pedido-role"
          },
          "sensitive_attributes": [],
          "private": "bnVsbA==",
          "dependencies": [
            "module.pedido.aws_ecr_repository.registry",
            "module.pedido.data.aws_caller_identity.current",
            "module.pedido.module.pipeline.aws_codebuild_project.app_build",
            "module.pedido.module.pipeline.aws_codepipeline.pipeline",
            "module.pedido.module.pipeline.aws_iam_role.codebuild_role",
            "module.pedido.module.pipeline.aws_iam_role.codepipeline_role",
            "module.pedido.module.pipeline.aws_iam_role.events_role",
            "module.pedido.module.pipeline.aws_s3_bucket.source",
            "module.pedido.module.pipeline.data.template_file.events_policy"
          ]
        }
      ]
    },
    {
      "module": "module.pedido.module.pipeline",
      "mode": "managed",
      "type": "aws_s3_bucket",
      "name": "source",
      "provider": "provider[\"registry.terraform.io/hashicorp/aws\"]",
      "instances": [
        {
          "schema_version": 0,
          "attributes": {
            "acceleration_status": "",
            "acl": "private",
            "arn": "arn:aws:s3:::lab-pedido-509440620700-pipeline",
            "bucket": "lab-pedido-509440620700-pipeline",
            "bucket_domain_name": "lab-pedido-509440620700-pipeline.s3.amazonaws.com",
            "bucket_prefix": null,
            "bucket_regional_domain_name": "lab-pedido-509440620700-pipeline.s3.amazonaws.com",
            "cors_rule": [],
            "force_destroy": true,
            "grant": [],
            "hosted_zone_id": "Z3AQBSTGFYJSTF",
            "id": "lab-pedido-509440620700-pipeline",
            "lifecycle_rule": [],
            "logging": [],
            "object_lock_configuration": [],
            "policy": null,
            "region": "us-east-1",
            "replication_configuration": [],
            "request_payer": "BucketOwner",
            "server_side_encryption_configuration": [],
            "tags": {
              "produto": "tag-produto",
              "squad": "tag-squad",
              "tribo": "tag-tribo"
            },
            "tags_all": {
              "produto": "tag-produto",
              "squad": "tag-squad",
              "tribo": "tag-tribo"
            },
            "versioning": [
              {
                "enabled": false,
                "mfa_delete": false
              }
            ],
            "website": [],
            "website_domain": null,
            "website_endpoint": null
          },
          "sensitive_attributes": [],
          "private": "bnVsbA==",
          "dependencies": [
            "module.pedido.data.aws_caller_identity.current"
          ]
        }
      ]
    },
    {
      "module": "module.vpc",
      "mode": "managed",
      "type": "aws_eip",
      "name": "nat",
      "provider": "provider[\"registry.terraform.io/hashicorp/aws\"]",
      "instances": [
        {
          "index_key": 0,
          "schema_version": 0,
          "attributes": {
            "address": null,
            "allocation_id": null,
            "associate_with_private_ip": null,
            "association_id": "",
            "carrier_ip": "",
            "customer_owned_ip": "",
            "customer_owned_ipv4_pool": "",
            "domain": "vpc",
            "id": "eipalloc-0b313faf6e3b13e9f",
            "instance": "",
            "network_border_group": "us-east-1",
            "network_interface": "",
            "private_dns": null,
            "private_ip": "",
            "public_dns": "ec2-34-195-83-58.compute-1.amazonaws.com",
            "public_ip": "34.195.83.58",
            "public_ipv4_pool": "amazon",
            "tags": null,
            "tags_all": {},
            "timeouts": null,
            "vpc": true
          },
          "sensitive_attributes": [],
          "private": "eyJlMmJmYjczMC1lY2FhLTExZTYtOGY4OC0zNDM2M2JjN2M0YzAiOnsiZGVsZXRlIjoxODAwMDAwMDAwMDAsInJlYWQiOjkwMDAwMDAwMDAwMCwidXBkYXRlIjozMDAwMDAwMDAwMDB9fQ=="
        }
      ]
    },
    {
      "module": "module.vpc.module.vpc",
      "mode": "managed",
      "type": "aws_internet_gateway",
      "name": "this",
      "provider": "provider[\"registry.terraform.io/hashicorp/aws\"]",
      "instances": [
        {
          "index_key": 0,
          "schema_version": 0,
          "attributes": {
            "arn": "arn:aws:ec2:us-east-1:509440620700:internet-gateway/igw-0ce25c03d14ca0d3c",
            "id": "igw-0ce25c03d14ca0d3c",
            "owner_id": "509440620700",
            "tags": {
              "Name": "lab"
            },
            "tags_all": {
              "Name": "lab"
            },
            "vpc_id": "vpc-064b45b3ebae5edb3"
          },
          "sensitive_attributes": [],
          "private": "bnVsbA==",
          "dependencies": [
            "module.vpc.module.vpc.aws_vpc.this",
            "module.vpc.module.vpc.aws_vpc_ipv4_cidr_block_association.this"
          ]
        }
      ]
    },
    {
      "module": "module.vpc.module.vpc",
      "mode": "managed",
      "type": "aws_nat_gateway",
      "name": "this",
      "provider": "provider[\"registry.terraform.io/hashicorp/aws\"]",
      "instances": [
        {
          "index_key": 0,
          "schema_version": 0,
          "attributes": {
            "allocation_id": "eipalloc-0b313faf6e3b13e9f",
            "id": "nat-0861b9c73c56d92fd",
            "network_interface_id": "eni-05474db8aa6b745c9",
            "private_ip": "10.0.101.119",
            "public_ip": "34.195.83.58",
            "subnet_id": "subnet-0d5d38f75b2352da8",
            "tags": {
              "Name": "lab-us-east-1a"
            },
            "tags_all": {
              "Name": "lab-us-east-1a"
            }
          },
          "sensitive_attributes": [],
          "private": "bnVsbA==",
          "dependencies": [
            "module.vpc.aws_eip.nat",
            "module.vpc.module.vpc.aws_eip.nat",
            "module.vpc.module.vpc.aws_internet_gateway.this",
            "module.vpc.module.vpc.aws_subnet.public",
            "module.vpc.module.vpc.aws_vpc.this",
            "module.vpc.module.vpc.aws_vpc_ipv4_cidr_block_association.this"
          ]
        }
      ]
    },
    {
      "module": "module.vpc.module.vpc",
      "mode": "managed",
      "type": "aws_route",
      "name": "private_nat_gateway",
      "provider": "provider[\"registry.terraform.io/hashicorp/aws\"]",
      "instances": [
        {
          "index_key": 0,
          "schema_version": 0,
          "attributes": {
            "carrier_gateway_id": "",
            "destination_cidr_block": "0.0.0.0/0",
            "destination_ipv6_cidr_block": "",
            "destination_prefix_list_id": "",
            "egress_only_gateway_id": "",
            "gateway_id": "",
            "id": "r-rtb-08e0bc1fe9b1d95871080289494",
            "instance_id": "",
            "instance_owner_id": "",
            "local_gateway_id": "",
            "nat_gateway_id": "nat-0861b9c73c56d92fd",
            "network_interface_id": "",
            "origin": "CreateRoute",
            "route_table_id": "rtb-08e0bc1fe9b1d9587",
            "state": "active",
            "timeouts": {
              "create": "5m",
              "delete": null
            },
            "transit_gateway_id": "",
            "vpc_endpoint_id": "",
            "vpc_peering_connection_id": ""
          },
          "sensitive_attributes": [],
          "private": "eyJlMmJmYjczMC1lY2FhLTExZTYtOGY4OC0zNDM2M2JjN2M0YzAiOnsiY3JlYXRlIjozMDAwMDAwMDAwMDAsImRlbGV0ZSI6MzAwMDAwMDAwMDAwfX0=",
          "dependencies": [
            "module.vpc.aws_eip.nat",
            "module.vpc.module.vpc.aws_eip.nat",
            "module.vpc.module.vpc.aws_internet_gateway.this",
            "module.vpc.module.vpc.aws_nat_gateway.this",
            "module.vpc.module.vpc.aws_route_table.private",
            "module.vpc.module.vpc.aws_subnet.public",
            "module.vpc.module.vpc.aws_vpc.this",
            "module.vpc.module.vpc.aws_vpc_ipv4_cidr_block_association.this"
          ]
        }
      ]
    },
    {
      "module": "module.vpc.module.vpc",
      "mode": "managed",
      "type": "aws_route",
      "name": "public_internet_gateway",
      "provider": "provider[\"registry.terraform.io/hashicorp/aws\"]",
      "instances": [
        {
          "index_key": 0,
          "schema_version": 0,
          "attributes": {
            "carrier_gateway_id": "",
            "destination_cidr_block": "0.0.0.0/0",
            "destination_ipv6_cidr_block": "",
            "destination_prefix_list_id": "",
            "egress_only_gateway_id": "",
            "gateway_id": "igw-0ce25c03d14ca0d3c",
            "id": "r-rtb-0fb80d83505b9b5481080289494",
            "instance_id": "",
            "instance_owner_id": "",
            "local_gateway_id": "",
            "nat_gateway_id": "",
            "network_interface_id": "",
            "origin": "CreateRoute",
            "route_table_id": "rtb-0fb80d83505b9b548",
            "state": "active",
            "timeouts": {
              "create": "5m",
              "delete": null
            },
            "transit_gateway_id": "",
            "vpc_endpoint_id": "",
            "vpc_peering_connection_id": ""
          },
          "sensitive_attributes": [],
          "private": "eyJlMmJmYjczMC1lY2FhLTExZTYtOGY4OC0zNDM2M2JjN2M0YzAiOnsiY3JlYXRlIjozMDAwMDAwMDAwMDAsImRlbGV0ZSI6MzAwMDAwMDAwMDAwfX0=",
          "dependencies": [
            "module.vpc.module.vpc.aws_internet_gateway.this",
            "module.vpc.module.vpc.aws_route_table.public",
            "module.vpc.module.vpc.aws_vpc.this",
            "module.vpc.module.vpc.aws_vpc_ipv4_cidr_block_association.this"
          ]
        }
      ]
    },
    {
      "module": "module.vpc.module.vpc",
      "mode": "managed",
      "type": "aws_route_table",
      "name": "private",
      "provider": "provider[\"registry.terraform.io/hashicorp/aws\"]",
      "instances": [
        {
          "index_key": 0,
          "schema_version": 0,
          "attributes": {
            "arn": "arn:aws:ec2:us-east-1:509440620700:route-table/rtb-08e0bc1fe9b1d9587",
            "id": "rtb-08e0bc1fe9b1d9587",
            "owner_id": "509440620700",
            "propagating_vgws": [],
            "route": [],
            "tags": {
              "Name": "lab-private"
            },
            "tags_all": {
              "Name": "lab-private"
            },
            "vpc_id": "vpc-064b45b3ebae5edb3"
          },
          "sensitive_attributes": [],
          "private": "bnVsbA==",
          "dependencies": [
            "module.vpc.module.vpc.aws_vpc.this",
            "module.vpc.module.vpc.aws_vpc_ipv4_cidr_block_association.this"
          ]
        }
      ]
    },
    {
      "module": "module.vpc.module.vpc",
      "mode": "managed",
      "type": "aws_route_table",
      "name": "public",
      "provider": "provider[\"registry.terraform.io/hashicorp/aws\"]",
      "instances": [
        {
          "index_key": 0,
          "schema_version": 0,
          "attributes": {
            "arn": "arn:aws:ec2:us-east-1:509440620700:route-table/rtb-0fb80d83505b9b548",
            "id": "rtb-0fb80d83505b9b548",
            "owner_id": "509440620700",
            "propagating_vgws": [],
            "route": [],
            "tags": {
              "Name": "lab-public"
            },
            "tags_all": {
              "Name": "lab-public"
            },
            "vpc_id": "vpc-064b45b3ebae5edb3"
          },
          "sensitive_attributes": [],
          "private": "bnVsbA==",
          "dependencies": [
            "module.vpc.module.vpc.aws_vpc.this",
            "module.vpc.module.vpc.aws_vpc_ipv4_cidr_block_association.this"
          ]
        }
      ]
    },
    {
      "module": "module.vpc.module.vpc",
      "mode": "managed",
      "type": "aws_route_table_association",
      "name": "private",
      "provider": "provider[\"registry.terraform.io/hashicorp/aws\"]",
      "instances": [
        {
          "index_key": 0,
          "schema_version": 0,
          "attributes": {
            "gateway_id": null,
            "id": "rtbassoc-0f66eb9e8e78c04b5",
            "route_table_id": "rtb-08e0bc1fe9b1d9587",
            "subnet_id": "subnet-0e243a57958c4aa36"
          },
          "sensitive_attributes": [],
          "private": "bnVsbA==",
          "dependencies": [
            "module.vpc.module.vpc.aws_route_table.private",
            "module.vpc.module.vpc.aws_subnet.private",
            "module.vpc.module.vpc.aws_vpc.this",
            "module.vpc.module.vpc.aws_vpc_ipv4_cidr_block_association.this"
          ]
        },
        {
          "index_key": 1,
          "schema_version": 0,
          "attributes": {
            "gateway_id": null,
            "id": "rtbassoc-0c5838f9864595f56",
            "route_table_id": "rtb-08e0bc1fe9b1d9587",
            "subnet_id": "subnet-01b40ad5641f79ce6"
          },
          "sensitive_attributes": [],
          "private": "bnVsbA==",
          "dependencies": [
            "module.vpc.module.vpc.aws_route_table.private",
            "module.vpc.module.vpc.aws_subnet.private",
            "module.vpc.module.vpc.aws_vpc.this",
            "module.vpc.module.vpc.aws_vpc_ipv4_cidr_block_association.this"
          ]
        }
      ]
    },
    {
      "module": "module.vpc.module.vpc",
      "mode": "managed",
      "type": "aws_route_table_association",
      "name": "public",
      "provider": "provider[\"registry.terraform.io/hashicorp/aws\"]",
      "instances": [
        {
          "index_key": 0,
          "schema_version": 0,
          "attributes": {
            "gateway_id": null,
            "id": "rtbassoc-01be1d73710f1193d",
            "route_table_id": "rtb-0fb80d83505b9b548",
            "subnet_id": "subnet-0d5d38f75b2352da8"
          },
          "sensitive_attributes": [],
          "private": "bnVsbA==",
          "dependencies": [
            "module.vpc.module.vpc.aws_route_table.public",
            "module.vpc.module.vpc.aws_subnet.public",
            "module.vpc.module.vpc.aws_vpc.this",
            "module.vpc.module.vpc.aws_vpc_ipv4_cidr_block_association.this"
          ]
        },
        {
          "index_key": 1,
          "schema_version": 0,
          "attributes": {
            "gateway_id": null,
            "id": "rtbassoc-049dfa37a245eb993",
            "route_table_id": "rtb-0fb80d83505b9b548",
            "subnet_id": "subnet-071118d43585f0309"
          },
          "sensitive_attributes": [],
          "private": "bnVsbA==",
          "dependencies": [
            "module.vpc.module.vpc.aws_route_table.public",
            "module.vpc.module.vpc.aws_subnet.public",
            "module.vpc.module.vpc.aws_vpc.this",
            "module.vpc.module.vpc.aws_vpc_ipv4_cidr_block_association.this"
          ]
        }
      ]
    },
    {
      "module": "module.vpc.module.vpc",
      "mode": "managed",
      "type": "aws_subnet",
      "name": "private",
      "provider": "provider[\"registry.terraform.io/hashicorp/aws\"]",
      "instances": [
        {
          "index_key": 0,
          "schema_version": 1,
          "attributes": {
            "arn": "arn:aws:ec2:us-east-1:509440620700:subnet/subnet-0e243a57958c4aa36",
            "assign_ipv6_address_on_creation": false,
            "availability_zone": "us-east-1a",
            "availability_zone_id": "use1-az6",
            "cidr_block": "10.0.1.0/24",
            "customer_owned_ipv4_pool": "",
            "id": "subnet-0e243a57958c4aa36",
            "ipv6_cidr_block": "",
            "ipv6_cidr_block_association_id": "",
            "map_customer_owned_ip_on_launch": false,
            "map_public_ip_on_launch": false,
            "outpost_arn": "",
            "owner_id": "509440620700",
            "tags": {
              "Name": "lab-private-us-east-1a"
            },
            "tags_all": {
              "Name": "lab-private-us-east-1a"
            },
            "timeouts": null,
            "vpc_id": "vpc-064b45b3ebae5edb3"
          },
          "sensitive_attributes": [],
          "private": "eyJlMmJmYjczMC1lY2FhLTExZTYtOGY4OC0zNDM2M2JjN2M0YzAiOnsiY3JlYXRlIjo2MDAwMDAwMDAwMDAsImRlbGV0ZSI6MTIwMDAwMDAwMDAwMH0sInNjaGVtYV92ZXJzaW9uIjoiMSJ9",
          "dependencies": [
            "module.vpc.module.vpc.aws_vpc.this",
            "module.vpc.module.vpc.aws_vpc_ipv4_cidr_block_association.this"
          ]
        },
        {
          "index_key": 1,
          "schema_version": 1,
          "attributes": {
            "arn": "arn:aws:ec2:us-east-1:509440620700:subnet/subnet-01b40ad5641f79ce6",
            "assign_ipv6_address_on_creation": false,
            "availability_zone": "us-east-1c",
            "availability_zone_id": "use1-az2",
            "cidr_block": "10.0.2.0/24",
            "customer_owned_ipv4_pool": "",
            "id": "subnet-01b40ad5641f79ce6",
            "ipv6_cidr_block": "",
            "ipv6_cidr_block_association_id": "",
            "map_customer_owned_ip_on_launch": false,
            "map_public_ip_on_launch": false,
            "outpost_arn": "",
            "owner_id": "509440620700",
            "tags": {
              "Name": "lab-private-us-east-1c"
            },
            "tags_all": {
              "Name": "lab-private-us-east-1c"
            },
            "timeouts": null,
            "vpc_id": "vpc-064b45b3ebae5edb3"
          },
          "sensitive_attributes": [],
          "private": "eyJlMmJmYjczMC1lY2FhLTExZTYtOGY4OC0zNDM2M2JjN2M0YzAiOnsiY3JlYXRlIjo2MDAwMDAwMDAwMDAsImRlbGV0ZSI6MTIwMDAwMDAwMDAwMH0sInNjaGVtYV92ZXJzaW9uIjoiMSJ9",
          "dependencies": [
            "module.vpc.module.vpc.aws_vpc.this",
            "module.vpc.module.vpc.aws_vpc_ipv4_cidr_block_association.this"
          ]
        }
      ]
    },
    {
      "module": "module.vpc.module.vpc",
      "mode": "managed",
      "type": "aws_subnet",
      "name": "public",
      "provider": "provider[\"registry.terraform.io/hashicorp/aws\"]",
      "instances": [
        {
          "index_key": 0,
          "schema_version": 1,
          "attributes": {
            "arn": "arn:aws:ec2:us-east-1:509440620700:subnet/subnet-0d5d38f75b2352da8",
            "assign_ipv6_address_on_creation": false,
            "availability_zone": "us-east-1a",
            "availability_zone_id": "use1-az6",
            "cidr_block": "10.0.101.0/24",
            "customer_owned_ipv4_pool": "",
            "id": "subnet-0d5d38f75b2352da8",
            "ipv6_cidr_block": "",
            "ipv6_cidr_block_association_id": "",
            "map_customer_owned_ip_on_launch": false,
            "map_public_ip_on_launch": true,
            "outpost_arn": "",
            "owner_id": "509440620700",
            "tags": {
              "Name": "lab-public-us-east-1a"
            },
            "tags_all": {
              "Name": "lab-public-us-east-1a"
            },
            "timeouts": null,
            "vpc_id": "vpc-064b45b3ebae5edb3"
          },
          "sensitive_attributes": [],
          "private": "eyJlMmJmYjczMC1lY2FhLTExZTYtOGY4OC0zNDM2M2JjN2M0YzAiOnsiY3JlYXRlIjo2MDAwMDAwMDAwMDAsImRlbGV0ZSI6MTIwMDAwMDAwMDAwMH0sInNjaGVtYV92ZXJzaW9uIjoiMSJ9",
          "dependencies": [
            "module.vpc.module.vpc.aws_vpc.this",
            "module.vpc.module.vpc.aws_vpc_ipv4_cidr_block_association.this"
          ],
          "create_before_destroy": true
        },
        {
          "index_key": 1,
          "schema_version": 1,
          "attributes": {
            "arn": "arn:aws:ec2:us-east-1:509440620700:subnet/subnet-071118d43585f0309",
            "assign_ipv6_address_on_creation": false,
            "availability_zone": "us-east-1c",
            "availability_zone_id": "use1-az2",
            "cidr_block": "10.0.102.0/24",
            "customer_owned_ipv4_pool": "",
            "id": "subnet-071118d43585f0309",
            "ipv6_cidr_block": "",
            "ipv6_cidr_block_association_id": "",
            "map_customer_owned_ip_on_launch": false,
            "map_public_ip_on_launch": true,
            "outpost_arn": "",
            "owner_id": "509440620700",
            "tags": {
              "Name": "lab-public-us-east-1c"
            },
            "tags_all": {
              "Name": "lab-public-us-east-1c"
            },
            "timeouts": null,
            "vpc_id": "vpc-064b45b3ebae5edb3"
          },
          "sensitive_attributes": [],
          "private": "eyJlMmJmYjczMC1lY2FhLTExZTYtOGY4OC0zNDM2M2JjN2M0YzAiOnsiY3JlYXRlIjo2MDAwMDAwMDAwMDAsImRlbGV0ZSI6MTIwMDAwMDAwMDAwMH0sInNjaGVtYV92ZXJzaW9uIjoiMSJ9",
          "dependencies": [
            "module.vpc.module.vpc.aws_vpc.this",
            "module.vpc.module.vpc.aws_vpc_ipv4_cidr_block_association.this"
          ],
          "create_before_destroy": true
        }
      ]
    },
    {
      "module": "module.vpc.module.vpc",
      "mode": "managed",
      "type": "aws_vpc",
      "name": "this",
      "provider": "provider[\"registry.terraform.io/hashicorp/aws\"]",
      "instances": [
        {
          "index_key": 0,
          "schema_version": 1,
          "attributes": {
            "arn": "arn:aws:ec2:us-east-1:509440620700:vpc/vpc-064b45b3ebae5edb3",
            "assign_generated_ipv6_cidr_block": false,
            "cidr_block": "10.0.0.0/16",
            "default_network_acl_id": "acl-05917d8add890a35f",
            "default_route_table_id": "rtb-07ea77feb2d5493ef",
            "default_security_group_id": "sg-054b5ba9f8a15e2b8",
            "dhcp_options_id": "dopt-d3c5c3a8",
            "enable_classiclink": false,
            "enable_classiclink_dns_support": false,
            "enable_dns_hostnames": true,
            "enable_dns_support": true,
            "id": "vpc-064b45b3ebae5edb3",
            "instance_tenancy": "default",
            "ipv6_association_id": "",
            "ipv6_cidr_block": "",
            "main_route_table_id": "rtb-07ea77feb2d5493ef",
            "owner_id": "509440620700",
            "tags": {
              "Name": "lab"
            },
            "tags_all": {
              "Name": "lab"
            }
          },
          "sensitive_attributes": [],
          "private": "eyJzY2hlbWFfdmVyc2lvbiI6IjEifQ==",
          "create_before_destroy": true
        }
      ]
    }
  ]
}
